// !$*UTF8*$!
{
	archiveVersion = 1;
	classes = {
	};
	objectVersion = 46;
	objects = {

/* Begin PBXBuildFile section */
		15686ADD292CB714C7EB6BE0 /* libPods-DJLogistics.a in Frameworks */ = {isa = PBXBuildFile; fileRef = 845DF412F4D6D6F6DD7BBEB4 /* libPods-DJLogistics.a */; };
		D800927E1F8F60C00027A7D2 /* DJMessageCenterViewController.m in Sources */ = {isa = PBXBuildFile; fileRef = D800927D1F8F60C00027A7D2 /* DJMessageCenterViewController.m */; };
		D80092811F8F62AC0027A7D2 /* DJMessageCenterTableView.m in Sources */ = {isa = PBXBuildFile; fileRef = D80092801F8F62AC0027A7D2 /* DJMessageCenterTableView.m */; };
		D80092841F8F62C90027A7D2 /* DJMessageCenterTableViewCell.m in Sources */ = {isa = PBXBuildFile; fileRef = D80092831F8F62C90027A7D2 /* DJMessageCenterTableViewCell.m */; };
		D80092871F8F67AD0027A7D2 /* DJMessageModel.m in Sources */ = {isa = PBXBuildFile; fileRef = D80092861F8F67AD0027A7D2 /* DJMessageModel.m */; };
		D800928A1F8F68CD0027A7D2 /* DJMessageDataSource.m in Sources */ = {isa = PBXBuildFile; fileRef = D80092891F8F68CD0027A7D2 /* DJMessageDataSource.m */; };
		D80DFBDE1F8DFE620015E413 /* DJWaybillDataSource.m in Sources */ = {isa = PBXBuildFile; fileRef = D80DFBDD1F8DFE620015E413 /* DJWaybillDataSource.m */; };
		D80DFBE21F8E06BA0015E413 /* DJDeliveryInfoTableViewCell.m in Sources */ = {isa = PBXBuildFile; fileRef = D80DFBE11F8E06BA0015E413 /* DJDeliveryInfoTableViewCell.m */; };
		D80DFBE51F8E07290015E413 /* DJMerchantInfoCell.m in Sources */ = {isa = PBXBuildFile; fileRef = D80DFBE41F8E07290015E413 /* DJMerchantInfoCell.m */; };
		D80DFBE81F8E07830015E413 /* DJOrderInfoCell.m in Sources */ = {isa = PBXBuildFile; fileRef = D80DFBE71F8E07830015E413 /* DJOrderInfoCell.m */; };
		D80DFBEB1F8E07AD0015E413 /* DJCustomInfoCell.m in Sources */ = {isa = PBXBuildFile; fileRef = D80DFBEA1F8E07AD0015E413 /* DJCustomInfoCell.m */; };
		D80F07581F904A6200F45ABB /* DJUtilities.m in Sources */ = {isa = PBXBuildFile; fileRef = D80F07571F904A6200F45ABB /* DJUtilities.m */; };
		D80F075B1F908DDB00F45ABB /* DJMessageDetailViewController.m in Sources */ = {isa = PBXBuildFile; fileRef = D80F075A1F908DDB00F45ABB /* DJMessageDetailViewController.m */; };
		D80F075E1F908DF500F45ABB /* DJMessageDetailTableView.m in Sources */ = {isa = PBXBuildFile; fileRef = D80F075D1F908DF500F45ABB /* DJMessageDetailTableView.m */; };
		D80F07611F908E0700F45ABB /* DJMessageDetailTableViewCell.m in Sources */ = {isa = PBXBuildFile; fileRef = D80F07601F908E0700F45ABB /* DJMessageDetailTableViewCell.m */; };
		D80F07641F909A5800F45ABB /* DJWorkReportModel.m in Sources */ = {isa = PBXBuildFile; fileRef = D80F07631F909A5800F45ABB /* DJWorkReportModel.m */; };
		D811FF6D1F7F3E4800BD8552 /* DJLoginViewController.m in Sources */ = {isa = PBXBuildFile; fileRef = D811FF6A1F7F3E4800BD8552 /* DJLoginViewController.m */; };
		D811FF701F7F3E7100BD8552 /* DJLoginView.m in Sources */ = {isa = PBXBuildFile; fileRef = D811FF6F1F7F3E7100BD8552 /* DJLoginView.m */; };
		D811FF731F7F72D400BD8552 /* NSString+Extension.m in Sources */ = {isa = PBXBuildFile; fileRef = D811FF721F7F72D400BD8552 /* NSString+Extension.m */; };
		D81414511F98373900AE5800 /* DJWayBillCenterViewController.m in Sources */ = {isa = PBXBuildFile; fileRef = D81414501F98373900AE5800 /* DJWayBillCenterViewController.m */; };
		D81414551F9837B400AE5800 /* XTSegmentControl.m in Sources */ = {isa = PBXBuildFile; fileRef = D81414541F9837B400AE5800 /* XTSegmentControl.m */; };
		D81414581F983BA700AE5800 /* DJDispatchingViewController.m in Sources */ = {isa = PBXBuildFile; fileRef = D81414571F983BA700AE5800 /* DJDispatchingViewController.m */; };
		D814145B1F983BDB00AE5800 /* DJFinishWayBillViewController.m in Sources */ = {isa = PBXBuildFile; fileRef = D814145A1F983BDB00AE5800 /* DJFinishWayBillViewController.m */; };
		D814145E1F98404E00AE5800 /* DJFinishWayBillTableView.m in Sources */ = {isa = PBXBuildFile; fileRef = D814145D1F98404E00AE5800 /* DJFinishWayBillTableView.m */; };
		D81414601F98945E00AE5800 /* UserNotifications.framework in Frameworks */ = {isa = PBXBuildFile; fileRef = D814145F1F98944D00AE5800 /* UserNotifications.framework */; };
		D81414621F98949200AE5800 /* CoreTelephony.framework in Frameworks */ = {isa = PBXBuildFile; fileRef = D81414611F98947900AE5800 /* CoreTelephony.framework */; };
		D81414641F9894B200AE5800 /* SystemConfiguration.framework in Frameworks */ = {isa = PBXBuildFile; fileRef = D81414631F9894A100AE5800 /* SystemConfiguration.framework */; };
		D81414661F9894BE00AE5800 /* libz.tbd in Frameworks */ = {isa = PBXBuildFile; fileRef = D81414651F9894BE00AE5800 /* libz.tbd */; };
		D814146A1F98967C00AE5800 /* DJAppManagerInit.m in Sources */ = {isa = PBXBuildFile; fileRef = D81414691F98967C00AE5800 /* DJAppManagerInit.m */; };
		D814146C1F989BCF00AE5800 /* libXG-SDK.a in Frameworks */ = {isa = PBXBuildFile; fileRef = D814146B1F989BCF00AE5800 /* libXG-SDK.a */; };
		D814B3F21F8B011C001E424C /* Assets.xcassets in Resources */ = {isa = PBXBuildFile; fileRef = D814B3F11F8B011C001E424C /* Assets.xcassets */; };
		D814B3F51F8B0EF7001E424C /* DJMineTableView.m in Sources */ = {isa = PBXBuildFile; fileRef = D814B3F41F8B0EF7001E424C /* DJMineTableView.m */; };
		D814B3F81F8B1086001E424C /* DJMineTableViewCell.m in Sources */ = {isa = PBXBuildFile; fileRef = D814B3F71F8B1086001E424C /* DJMineTableViewCell.m */; };
		D814B3FB1F8B1F44001E424C /* DJMineFooterView.m in Sources */ = {isa = PBXBuildFile; fileRef = D814B3FA1F8B1F44001E424C /* DJMineFooterView.m */; };
		D814B3FE1F8B263D001E424C /* DJMineFooterCollectionViewCell.m in Sources */ = {isa = PBXBuildFile; fileRef = D814B3FD1F8B263D001E424C /* DJMineFooterCollectionViewCell.m */; };
		D814B4011F8B70D7001E424C /* DJPersonInfoViewController.m in Sources */ = {isa = PBXBuildFile; fileRef = D814B4001F8B70D7001E424C /* DJPersonInfoViewController.m */; };
		D814B4041F8B7116001E424C /* DJPersonInfoTableView.m in Sources */ = {isa = PBXBuildFile; fileRef = D814B4031F8B7116001E424C /* DJPersonInfoTableView.m */; };
		D814B40A1F8B7867001E424C /* DJPersonInfoTableViewCell.m in Sources */ = {isa = PBXBuildFile; fileRef = D814B4091F8B7867001E424C /* DJPersonInfoTableViewCell.m */; };
		D81AD6081F7DD94100EE8F2A /* main.m in Sources */ = {isa = PBXBuildFile; fileRef = D81AD6071F7DD94100EE8F2A /* main.m */; };
		D81AD6161F7DD94100EE8F2A /* LaunchScreen.storyboard in Resources */ = {isa = PBXBuildFile; fileRef = D81AD6141F7DD94100EE8F2A /* LaunchScreen.storyboard */; };
		D81AD6211F7DD94100EE8F2A /* DJLogisticsTests.m in Sources */ = {isa = PBXBuildFile; fileRef = D81AD6201F7DD94100EE8F2A /* DJLogisticsTests.m */; };
		D81AD62C1F7DD94100EE8F2A /* DJLogisticsUITests.m in Sources */ = {isa = PBXBuildFile; fileRef = D81AD62B1F7DD94100EE8F2A /* DJLogisticsUITests.m */; };
		D81AD66B1F7DEBC000EE8F2A /* AppDelegate.m in Sources */ = {isa = PBXBuildFile; fileRef = D81AD63B1F7DEBC000EE8F2A /* AppDelegate.m */; };
		D81AD66C1F7DEBC000EE8F2A /* UIView+Extension.m in Sources */ = {isa = PBXBuildFile; fileRef = D81AD6401F7DEBC000EE8F2A /* UIView+Extension.m */; };
		D81AD66D1F7DEBC000EE8F2A /* EaseBlankPageView.m in Sources */ = {isa = PBXBuildFile; fileRef = D81AD6441F7DEBC000EE8F2A /* EaseBlankPageView.m */; };
		D81AD66E1F7DEBC000EE8F2A /* MBProgressHUD+SCustomHUD.m in Sources */ = {isa = PBXBuildFile; fileRef = D81AD6471F7DEBC000EE8F2A /* MBProgressHUD+SCustomHUD.m */; };
		D81AD66F1F7DEBC000EE8F2A /* Toast.m in Sources */ = {isa = PBXBuildFile; fileRef = D81AD6491F7DEBC000EE8F2A /* Toast.m */; };
		D81AD6701F7DEBC000EE8F2A /* DJCacheDataModel.m in Sources */ = {isa = PBXBuildFile; fileRef = D81AD64E1F7DEBC000EE8F2A /* DJCacheDataModel.m */; };
		D81AD6711F7DEBC000EE8F2A /* DJContextModel.m in Sources */ = {isa = PBXBuildFile; fileRef = D81AD6511F7DEBC000EE8F2A /* DJContextModel.m */; };
		D81AD6721F7DEBC000EE8F2A /* DJUserModel.m in Sources */ = {isa = PBXBuildFile; fileRef = D81AD6541F7DEBC000EE8F2A /* DJUserModel.m */; };
		D81AD6731F7DEBC000EE8F2A /* ZDBaseRequestManager.m in Sources */ = {isa = PBXBuildFile; fileRef = D81AD6591F7DEBC000EE8F2A /* ZDBaseRequestManager.m */; };
		D81AD6741F7DEBC000EE8F2A /* DJNavgationViewController.m in Sources */ = {isa = PBXBuildFile; fileRef = D81AD65D1F7DEBC000EE8F2A /* DJNavgationViewController.m */; };
		D81AD6781F7DECF800EE8F2A /* DJRootViewController.m in Sources */ = {isa = PBXBuildFile; fileRef = D81AD6771F7DECF800EE8F2A /* DJRootViewController.m */; };
		D81AD67E1F7DEE0500EE8F2A /* DJTabBarController.m in Sources */ = {isa = PBXBuildFile; fileRef = D81AD67D1F7DEE0500EE8F2A /* DJTabBarController.m */; };
		D81AD6871F7DF76400EE8F2A /* UIImage+ZDExtension.m in Sources */ = {isa = PBXBuildFile; fileRef = D81AD6861F7DF76400EE8F2A /* UIImage+ZDExtension.m */; };
		D81AD68A1F7DF93B00EE8F2A /* DJWorkViewController.m in Sources */ = {isa = PBXBuildFile; fileRef = D81AD6891F7DF93B00EE8F2A /* DJWorkViewController.m */; };
		D81AD68D1F7DF94900EE8F2A /* DJMineViewController.m in Sources */ = {isa = PBXBuildFile; fileRef = D81AD68C1F7DF94900EE8F2A /* DJMineViewController.m */; };
		D8C62E961F8E168A0015FF32 /* DJWaybillHistoryDetailController.m in Sources */ = {isa = PBXBuildFile; fileRef = D8C62E951F8E168A0015FF32 /* DJWaybillHistoryDetailController.m */; };
		D8C62E991F8E16A50015FF32 /* DJWaybillHistoryDetailTableView.m in Sources */ = {isa = PBXBuildFile; fileRef = D8C62E981F8E16A50015FF32 /* DJWaybillHistoryDetailTableView.m */; };
		D8FFA6FA1F8C995400326AA1 /* DJChangePasswordViewController.m in Sources */ = {isa = PBXBuildFile; fileRef = D8FFA6F91F8C995400326AA1 /* DJChangePasswordViewController.m */; };
		D8FFA6FD1F8CA2F100326AA1 /* DJChangePasswordView.m in Sources */ = {isa = PBXBuildFile; fileRef = D8FFA6FC1F8CA2F100326AA1 /* DJChangePasswordView.m */; };
		D8FFA7001F8CC64C00326AA1 /* DJMineWaybillViewController.m in Sources */ = {isa = PBXBuildFile; fileRef = D8FFA6FF1F8CC64C00326AA1 /* DJMineWaybillViewController.m */; };
		D8FFA7031F8CC6DB00326AA1 /* DJMineWaybillTableView.m in Sources */ = {isa = PBXBuildFile; fileRef = D8FFA7021F8CC6DB00326AA1 /* DJMineWaybillTableView.m */; };
		D8FFA7061F8CC7A700326AA1 /* DJMineWaybillTableViewCell.m in Sources */ = {isa = PBXBuildFile; fileRef = D8FFA7051F8CC7A700326AA1 /* DJMineWaybillTableViewCell.m */; };
		D8FFA7091F8CCCE400326AA1 /* DJWaybillModel.m in Sources */ = {isa = PBXBuildFile; fileRef = D8FFA7081F8CCCE400326AA1 /* DJWaybillModel.m */; };
		E258BFD41F9351930032E04D /* icon_get_order@2x.png in Resources */ = {isa = PBXBuildFile; fileRef = E258BFD21F9345DC0032E04D /* icon_get_order@2x.png */; };
		E258BFD51F9351970032E04D /* icon_today_order@2x.png in Resources */ = {isa = PBXBuildFile; fileRef = E258BFD31F9345DC0032E04D /* icon_today_order@2x.png */; };
		E258BFD81F936E7F0032E04D /* DJSyOrderListVC.m in Sources */ = {isa = PBXBuildFile; fileRef = E258BFD71F936E7F0032E04D /* DJSyOrderListVC.m */; };
		E258BFDB1F9377060032E04D /* icon_contact_kefu@2x.png in Resources */ = {isa = PBXBuildFile; fileRef = E258BFD91F9376DE0032E04D /* icon_contact_kefu@2x.png */; };
		E258BFDC1F93770B0032E04D /* icon_notify@2x.png in Resources */ = {isa = PBXBuildFile; fileRef = E258BFDA1F9376DF0032E04D /* icon_notify@2x.png */; };
		E2FB93E21F97B6F400B9B266 /* DJGetOrderCell.m in Sources */ = {isa = PBXBuildFile; fileRef = E2FB93E01F97B6F400B9B266 /* DJGetOrderCell.m */; };
		E2FB93E31F97B6F400B9B266 /* DJGetOrderCell.xib in Resources */ = {isa = PBXBuildFile; fileRef = E2FB93E11F97B6F400B9B266 /* DJGetOrderCell.xib */; };
		E2FB93E71F97BA2E00B9B266 /* btn_waybill_arrived@2x.png in Resources */ = {isa = PBXBuildFile; fileRef = E2FB93E41F97BA2A00B9B266 /* btn_waybill_arrived@2x.png */; };
		E2FB93E81F97BA3100B9B266 /* btn_waybill_finish@2x.png in Resources */ = {isa = PBXBuildFile; fileRef = E2FB93E51F97BA2A00B9B266 /* btn_waybill_finish@2x.png */; };
		E2FB93E91F97BA3300B9B266 /* btn_waybill_get@2x.png in Resources */ = {isa = PBXBuildFile; fileRef = E2FB93E61F97BA2B00B9B266 /* btn_waybill_get@2x.png */; };
		E2FB93ED1F97C0D100B9B266 /* DJSpaceCell.m in Sources */ = {isa = PBXBuildFile; fileRef = E2FB93EB1F97C0D100B9B266 /* DJSpaceCell.m */; };
		E2FB93EE1F97C0D100B9B266 /* DJSpaceCell.xib in Resources */ = {isa = PBXBuildFile; fileRef = E2FB93EC1F97C0D100B9B266 /* DJSpaceCell.xib */; };
		E2FB93F11F97C91E00B9B266 /* DJOrderModel.m in Sources */ = {isa = PBXBuildFile; fileRef = E2FB93F01F97C91E00B9B266 /* DJOrderModel.m */; };
		E2FB94061F9AF66400B9B266 /* NSDate+Extension.m in Sources */ = {isa = PBXBuildFile; fileRef = E2FB94051F9AF66400B9B266 /* NSDate+Extension.m */; };
		E2FB94091F9AF99F00B9B266 /* UIViewController+FYCategory.m in Sources */ = {isa = PBXBuildFile; fileRef = E2FB94071F9AF99F00B9B266 /* UIViewController+FYCategory.m */; };
		E2FB940C1F9B06BB00B9B266 /* DJSyMyOrderListVC.m in Sources */ = {isa = PBXBuildFile; fileRef = E2FB940B1F9B06BB00B9B266 /* DJSyMyOrderListVC.m */; };
		E2FB94101F9B1AF100B9B266 /* DJWayBillIngCell.m in Sources */ = {isa = PBXBuildFile; fileRef = E2FB940E1F9B1AF100B9B266 /* DJWayBillIngCell.m */; };
		E2FB94111F9B1AF100B9B266 /* DJWayBillIngCell.xib in Resources */ = {isa = PBXBuildFile; fileRef = E2FB940F1F9B1AF100B9B266 /* DJWayBillIngCell.xib */; };
		E2FB94161F9B2D7C00B9B266 /* FYWGS84TOGCJ02.m in Sources */ = {isa = PBXBuildFile; fileRef = E2FB94131F9B2D7B00B9B266 /* FYWGS84TOGCJ02.m */; };
		E2FB94171F9B2D7C00B9B266 /* FYLocationManager.m in Sources */ = {isa = PBXBuildFile; fileRef = E2FB94141F9B2D7C00B9B266 /* FYLocationManager.m */; };
		E2FB94191F9B9D4A00B9B266 /* CoreLocation.framework in Frameworks */ = {isa = PBXBuildFile; fileRef = E2FB94181F9B9D4A00B9B266 /* CoreLocation.framework */; };
/* End PBXBuildFile section */

/* Begin PBXContainerItemProxy section */
		D81AD61D1F7DD94100EE8F2A /* PBXContainerItemProxy */ = {
			isa = PBXContainerItemProxy;
			containerPortal = D81AD5FB1F7DD94100EE8F2A /* Project object */;
			proxyType = 1;
			remoteGlobalIDString = D81AD6021F7DD94100EE8F2A;
			remoteInfo = DJLogistics;
		};
		D81AD6281F7DD94100EE8F2A /* PBXContainerItemProxy */ = {
			isa = PBXContainerItemProxy;
			containerPortal = D81AD5FB1F7DD94100EE8F2A /* Project object */;
			proxyType = 1;
			remoteGlobalIDString = D81AD6021F7DD94100EE8F2A;
			remoteInfo = DJLogistics;
		};
/* End PBXContainerItemProxy section */

/* Begin PBXFileReference section */
		02BB86A1223B6C6E249562AC /* Pods-DJLogistics.release.xcconfig */ = {isa = PBXFileReference; includeInIndex = 1; lastKnownFileType = text.xcconfig; name = "Pods-DJLogistics.release.xcconfig"; path = "Pods/Target Support Files/Pods-DJLogistics/Pods-DJLogistics.release.xcconfig"; sourceTree = "<group>"; };
		1264B2E724BEA92BF26B4E0E /* Pods-DJLogistics.debug.xcconfig */ = {isa = PBXFileReference; includeInIndex = 1; lastKnownFileType = text.xcconfig; name = "Pods-DJLogistics.debug.xcconfig"; path = "Pods/Target Support Files/Pods-DJLogistics/Pods-DJLogistics.debug.xcconfig"; sourceTree = "<group>"; };
		845DF412F4D6D6F6DD7BBEB4 /* libPods-DJLogistics.a */ = {isa = PBXFileReference; explicitFileType = archive.ar; includeInIndex = 0; path = "libPods-DJLogistics.a"; sourceTree = BUILT_PRODUCTS_DIR; };
		D800927C1F8F60C00027A7D2 /* DJMessageCenterViewController.h */ = {isa = PBXFileReference; fileEncoding = 4; lastKnownFileType = sourcecode.c.h; path = DJMessageCenterViewController.h; sourceTree = "<group>"; };
		D800927D1F8F60C00027A7D2 /* DJMessageCenterViewController.m */ = {isa = PBXFileReference; fileEncoding = 4; lastKnownFileType = sourcecode.c.objc; path = DJMessageCenterViewController.m; sourceTree = "<group>"; };
		D800927F1F8F62AC0027A7D2 /* DJMessageCenterTableView.h */ = {isa = PBXFileReference; fileEncoding = 4; lastKnownFileType = sourcecode.c.h; path = DJMessageCenterTableView.h; sourceTree = "<group>"; };
		D80092801F8F62AC0027A7D2 /* DJMessageCenterTableView.m */ = {isa = PBXFileReference; fileEncoding = 4; lastKnownFileType = sourcecode.c.objc; path = DJMessageCenterTableView.m; sourceTree = "<group>"; };
		D80092821F8F62C90027A7D2 /* DJMessageCenterTableViewCell.h */ = {isa = PBXFileReference; fileEncoding = 4; lastKnownFileType = sourcecode.c.h; path = DJMessageCenterTableViewCell.h; sourceTree = "<group>"; };
		D80092831F8F62C90027A7D2 /* DJMessageCenterTableViewCell.m */ = {isa = PBXFileReference; fileEncoding = 4; lastKnownFileType = sourcecode.c.objc; path = DJMessageCenterTableViewCell.m; sourceTree = "<group>"; };
		D80092851F8F67AD0027A7D2 /* DJMessageModel.h */ = {isa = PBXFileReference; fileEncoding = 4; lastKnownFileType = sourcecode.c.h; path = DJMessageModel.h; sourceTree = "<group>"; };
		D80092861F8F67AD0027A7D2 /* DJMessageModel.m */ = {isa = PBXFileReference; fileEncoding = 4; lastKnownFileType = sourcecode.c.objc; path = DJMessageModel.m; sourceTree = "<group>"; };
		D80092881F8F68CD0027A7D2 /* DJMessageDataSource.h */ = {isa = PBXFileReference; fileEncoding = 4; lastKnownFileType = sourcecode.c.h; path = DJMessageDataSource.h; sourceTree = "<group>"; };
		D80092891F8F68CD0027A7D2 /* DJMessageDataSource.m */ = {isa = PBXFileReference; fileEncoding = 4; lastKnownFileType = sourcecode.c.objc; path = DJMessageDataSource.m; sourceTree = "<group>"; };
		D80DFBDC1F8DFE620015E413 /* DJWaybillDataSource.h */ = {isa = PBXFileReference; fileEncoding = 4; lastKnownFileType = sourcecode.c.h; path = DJWaybillDataSource.h; sourceTree = "<group>"; };
		D80DFBDD1F8DFE620015E413 /* DJWaybillDataSource.m */ = {isa = PBXFileReference; fileEncoding = 4; lastKnownFileType = sourcecode.c.objc; path = DJWaybillDataSource.m; sourceTree = "<group>"; };
		D80DFBE01F8E06BA0015E413 /* DJDeliveryInfoTableViewCell.h */ = {isa = PBXFileReference; fileEncoding = 4; lastKnownFileType = sourcecode.c.h; path = DJDeliveryInfoTableViewCell.h; sourceTree = "<group>"; };
		D80DFBE11F8E06BA0015E413 /* DJDeliveryInfoTableViewCell.m */ = {isa = PBXFileReference; fileEncoding = 4; lastKnownFileType = sourcecode.c.objc; path = DJDeliveryInfoTableViewCell.m; sourceTree = "<group>"; };
		D80DFBE31F8E07290015E413 /* DJMerchantInfoCell.h */ = {isa = PBXFileReference; fileEncoding = 4; lastKnownFileType = sourcecode.c.h; path = DJMerchantInfoCell.h; sourceTree = "<group>"; };
		D80DFBE41F8E07290015E413 /* DJMerchantInfoCell.m */ = {isa = PBXFileReference; fileEncoding = 4; lastKnownFileType = sourcecode.c.objc; path = DJMerchantInfoCell.m; sourceTree = "<group>"; };
		D80DFBE61F8E07830015E413 /* DJOrderInfoCell.h */ = {isa = PBXFileReference; fileEncoding = 4; lastKnownFileType = sourcecode.c.h; path = DJOrderInfoCell.h; sourceTree = "<group>"; };
		D80DFBE71F8E07830015E413 /* DJOrderInfoCell.m */ = {isa = PBXFileReference; fileEncoding = 4; lastKnownFileType = sourcecode.c.objc; path = DJOrderInfoCell.m; sourceTree = "<group>"; };
		D80DFBE91F8E07AD0015E413 /* DJCustomInfoCell.h */ = {isa = PBXFileReference; fileEncoding = 4; lastKnownFileType = sourcecode.c.h; path = DJCustomInfoCell.h; sourceTree = "<group>"; };
		D80DFBEA1F8E07AD0015E413 /* DJCustomInfoCell.m */ = {isa = PBXFileReference; fileEncoding = 4; lastKnownFileType = sourcecode.c.objc; path = DJCustomInfoCell.m; sourceTree = "<group>"; };
		D80F07561F904A6200F45ABB /* DJUtilities.h */ = {isa = PBXFileReference; fileEncoding = 4; lastKnownFileType = sourcecode.c.h; path = DJUtilities.h; sourceTree = "<group>"; };
		D80F07571F904A6200F45ABB /* DJUtilities.m */ = {isa = PBXFileReference; fileEncoding = 4; lastKnownFileType = sourcecode.c.objc; path = DJUtilities.m; sourceTree = "<group>"; };
		D80F07591F908DDB00F45ABB /* DJMessageDetailViewController.h */ = {isa = PBXFileReference; fileEncoding = 4; lastKnownFileType = sourcecode.c.h; path = DJMessageDetailViewController.h; sourceTree = "<group>"; };
		D80F075A1F908DDB00F45ABB /* DJMessageDetailViewController.m */ = {isa = PBXFileReference; fileEncoding = 4; lastKnownFileType = sourcecode.c.objc; path = DJMessageDetailViewController.m; sourceTree = "<group>"; };
		D80F075C1F908DF500F45ABB /* DJMessageDetailTableView.h */ = {isa = PBXFileReference; fileEncoding = 4; lastKnownFileType = sourcecode.c.h; path = DJMessageDetailTableView.h; sourceTree = "<group>"; };
		D80F075D1F908DF500F45ABB /* DJMessageDetailTableView.m */ = {isa = PBXFileReference; fileEncoding = 4; lastKnownFileType = sourcecode.c.objc; path = DJMessageDetailTableView.m; sourceTree = "<group>"; };
		D80F075F1F908E0700F45ABB /* DJMessageDetailTableViewCell.h */ = {isa = PBXFileReference; fileEncoding = 4; lastKnownFileType = sourcecode.c.h; path = DJMessageDetailTableViewCell.h; sourceTree = "<group>"; };
		D80F07601F908E0700F45ABB /* DJMessageDetailTableViewCell.m */ = {isa = PBXFileReference; fileEncoding = 4; lastKnownFileType = sourcecode.c.objc; path = DJMessageDetailTableViewCell.m; sourceTree = "<group>"; };
		D80F07621F909A5800F45ABB /* DJWorkReportModel.h */ = {isa = PBXFileReference; fileEncoding = 4; lastKnownFileType = sourcecode.c.h; path = DJWorkReportModel.h; sourceTree = "<group>"; };
		D80F07631F909A5800F45ABB /* DJWorkReportModel.m */ = {isa = PBXFileReference; fileEncoding = 4; lastKnownFileType = sourcecode.c.objc; path = DJWorkReportModel.m; sourceTree = "<group>"; };
		D811FF691F7F3E4800BD8552 /* DJLoginViewController.h */ = {isa = PBXFileReference; fileEncoding = 4; lastKnownFileType = sourcecode.c.h; path = DJLoginViewController.h; sourceTree = "<group>"; };
		D811FF6A1F7F3E4800BD8552 /* DJLoginViewController.m */ = {isa = PBXFileReference; fileEncoding = 4; lastKnownFileType = sourcecode.c.objc; path = DJLoginViewController.m; sourceTree = "<group>"; };
		D811FF6E1F7F3E7100BD8552 /* DJLoginView.h */ = {isa = PBXFileReference; fileEncoding = 4; lastKnownFileType = sourcecode.c.h; path = DJLoginView.h; sourceTree = "<group>"; };
		D811FF6F1F7F3E7100BD8552 /* DJLoginView.m */ = {isa = PBXFileReference; fileEncoding = 4; lastKnownFileType = sourcecode.c.objc; path = DJLoginView.m; sourceTree = "<group>"; };
		D811FF711F7F72D400BD8552 /* NSString+Extension.h */ = {isa = PBXFileReference; fileEncoding = 4; lastKnownFileType = sourcecode.c.h; path = "NSString+Extension.h"; sourceTree = "<group>"; };
		D811FF721F7F72D400BD8552 /* NSString+Extension.m */ = {isa = PBXFileReference; fileEncoding = 4; lastKnownFileType = sourcecode.c.objc; path = "NSString+Extension.m"; sourceTree = "<group>"; };
		D814144F1F98373900AE5800 /* DJWayBillCenterViewController.h */ = {isa = PBXFileReference; lastKnownFileType = sourcecode.c.h; path = DJWayBillCenterViewController.h; sourceTree = "<group>"; };
		D81414501F98373900AE5800 /* DJWayBillCenterViewController.m */ = {isa = PBXFileReference; lastKnownFileType = sourcecode.c.objc; path = DJWayBillCenterViewController.m; sourceTree = "<group>"; };
		D81414531F9837B400AE5800 /* XTSegmentControl.h */ = {isa = PBXFileReference; fileEncoding = 4; lastKnownFileType = sourcecode.c.h; path = XTSegmentControl.h; sourceTree = "<group>"; };
		D81414541F9837B400AE5800 /* XTSegmentControl.m */ = {isa = PBXFileReference; fileEncoding = 4; lastKnownFileType = sourcecode.c.objc; path = XTSegmentControl.m; sourceTree = "<group>"; };
		D81414561F983BA700AE5800 /* DJDispatchingViewController.h */ = {isa = PBXFileReference; lastKnownFileType = sourcecode.c.h; path = DJDispatchingViewController.h; sourceTree = "<group>"; };
		D81414571F983BA700AE5800 /* DJDispatchingViewController.m */ = {isa = PBXFileReference; lastKnownFileType = sourcecode.c.objc; path = DJDispatchingViewController.m; sourceTree = "<group>"; };
		D81414591F983BDB00AE5800 /* DJFinishWayBillViewController.h */ = {isa = PBXFileReference; lastKnownFileType = sourcecode.c.h; path = DJFinishWayBillViewController.h; sourceTree = "<group>"; };
		D814145A1F983BDB00AE5800 /* DJFinishWayBillViewController.m */ = {isa = PBXFileReference; lastKnownFileType = sourcecode.c.objc; path = DJFinishWayBillViewController.m; sourceTree = "<group>"; };
		D814145C1F98404E00AE5800 /* DJFinishWayBillTableView.h */ = {isa = PBXFileReference; lastKnownFileType = sourcecode.c.h; path = DJFinishWayBillTableView.h; sourceTree = "<group>"; };
		D814145D1F98404E00AE5800 /* DJFinishWayBillTableView.m */ = {isa = PBXFileReference; lastKnownFileType = sourcecode.c.objc; path = DJFinishWayBillTableView.m; sourceTree = "<group>"; };
		D814145F1F98944D00AE5800 /* UserNotifications.framework */ = {isa = PBXFileReference; lastKnownFileType = wrapper.framework; name = UserNotifications.framework; path = System/Library/Frameworks/UserNotifications.framework; sourceTree = SDKROOT; };
		D81414611F98947900AE5800 /* CoreTelephony.framework */ = {isa = PBXFileReference; lastKnownFileType = wrapper.framework; name = CoreTelephony.framework; path = System/Library/Frameworks/CoreTelephony.framework; sourceTree = SDKROOT; };
		D81414631F9894A100AE5800 /* SystemConfiguration.framework */ = {isa = PBXFileReference; lastKnownFileType = wrapper.framework; name = SystemConfiguration.framework; path = System/Library/Frameworks/SystemConfiguration.framework; sourceTree = SDKROOT; };
		D81414651F9894BE00AE5800 /* libz.tbd */ = {isa = PBXFileReference; lastKnownFileType = "sourcecode.text-based-dylib-definition"; name = libz.tbd; path = usr/lib/libz.tbd; sourceTree = SDKROOT; };
		D81414681F98967C00AE5800 /* DJAppManagerInit.h */ = {isa = PBXFileReference; lastKnownFileType = sourcecode.c.h; path = DJAppManagerInit.h; sourceTree = "<group>"; };
		D81414691F98967C00AE5800 /* DJAppManagerInit.m */ = {isa = PBXFileReference; lastKnownFileType = sourcecode.c.objc; path = DJAppManagerInit.m; sourceTree = "<group>"; };
		D814146B1F989BCF00AE5800 /* libXG-SDK.a */ = {isa = PBXFileReference; lastKnownFileType = archive.ar; name = "libXG-SDK.a"; path = "Pods/QQ_XGPush/XGPush/libXG-SDK.a"; sourceTree = "<group>"; };
		D814290C1F9DDD1B0067CDE1 /* DJLogistics.entitlements */ = {isa = PBXFileReference; lastKnownFileType = text.plist.entitlements; path = DJLogistics.entitlements; sourceTree = "<group>"; };
		D814B3F11F8B011C001E424C /* Assets.xcassets */ = {isa = PBXFileReference; lastKnownFileType = folder.assetcatalog; path = Assets.xcassets; sourceTree = "<group>"; };
		D814B3F31F8B0EF7001E424C /* DJMineTableView.h */ = {isa = PBXFileReference; fileEncoding = 4; lastKnownFileType = sourcecode.c.h; path = DJMineTableView.h; sourceTree = "<group>"; };
		D814B3F41F8B0EF7001E424C /* DJMineTableView.m */ = {isa = PBXFileReference; fileEncoding = 4; lastKnownFileType = sourcecode.c.objc; path = DJMineTableView.m; sourceTree = "<group>"; };
		D814B3F61F8B1086001E424C /* DJMineTableViewCell.h */ = {isa = PBXFileReference; fileEncoding = 4; lastKnownFileType = sourcecode.c.h; path = DJMineTableViewCell.h; sourceTree = "<group>"; };
		D814B3F71F8B1086001E424C /* DJMineTableViewCell.m */ = {isa = PBXFileReference; fileEncoding = 4; lastKnownFileType = sourcecode.c.objc; path = DJMineTableViewCell.m; sourceTree = "<group>"; };
		D814B3F91F8B1F44001E424C /* DJMineFooterView.h */ = {isa = PBXFileReference; fileEncoding = 4; lastKnownFileType = sourcecode.c.h; path = DJMineFooterView.h; sourceTree = "<group>"; };
		D814B3FA1F8B1F44001E424C /* DJMineFooterView.m */ = {isa = PBXFileReference; fileEncoding = 4; lastKnownFileType = sourcecode.c.objc; path = DJMineFooterView.m; sourceTree = "<group>"; };
		D814B3FC1F8B263D001E424C /* DJMineFooterCollectionViewCell.h */ = {isa = PBXFileReference; fileEncoding = 4; lastKnownFileType = sourcecode.c.h; path = DJMineFooterCollectionViewCell.h; sourceTree = "<group>"; };
		D814B3FD1F8B263D001E424C /* DJMineFooterCollectionViewCell.m */ = {isa = PBXFileReference; fileEncoding = 4; lastKnownFileType = sourcecode.c.objc; path = DJMineFooterCollectionViewCell.m; sourceTree = "<group>"; };
		D814B3FF1F8B70D7001E424C /* DJPersonInfoViewController.h */ = {isa = PBXFileReference; fileEncoding = 4; lastKnownFileType = sourcecode.c.h; path = DJPersonInfoViewController.h; sourceTree = "<group>"; };
		D814B4001F8B70D7001E424C /* DJPersonInfoViewController.m */ = {isa = PBXFileReference; fileEncoding = 4; lastKnownFileType = sourcecode.c.objc; path = DJPersonInfoViewController.m; sourceTree = "<group>"; };
		D814B4021F8B7116001E424C /* DJPersonInfoTableView.h */ = {isa = PBXFileReference; fileEncoding = 4; lastKnownFileType = sourcecode.c.h; path = DJPersonInfoTableView.h; sourceTree = "<group>"; };
		D814B4031F8B7116001E424C /* DJPersonInfoTableView.m */ = {isa = PBXFileReference; fileEncoding = 4; lastKnownFileType = sourcecode.c.objc; path = DJPersonInfoTableView.m; sourceTree = "<group>"; };
		D814B4081F8B7867001E424C /* DJPersonInfoTableViewCell.h */ = {isa = PBXFileReference; fileEncoding = 4; lastKnownFileType = sourcecode.c.h; path = DJPersonInfoTableViewCell.h; sourceTree = "<group>"; };
		D814B4091F8B7867001E424C /* DJPersonInfoTableViewCell.m */ = {isa = PBXFileReference; fileEncoding = 4; lastKnownFileType = sourcecode.c.objc; path = DJPersonInfoTableViewCell.m; sourceTree = "<group>"; };
		D81AD6031F7DD94100EE8F2A /* DJLogistics.app */ = {isa = PBXFileReference; explicitFileType = wrapper.application; includeInIndex = 0; path = DJLogistics.app; sourceTree = BUILT_PRODUCTS_DIR; };
		D81AD6071F7DD94100EE8F2A /* main.m */ = {isa = PBXFileReference; lastKnownFileType = sourcecode.c.objc; path = main.m; sourceTree = "<group>"; };
		D81AD6151F7DD94100EE8F2A /* Base */ = {isa = PBXFileReference; lastKnownFileType = file.storyboard; name = Base; path = Base.lproj/LaunchScreen.storyboard; sourceTree = "<group>"; };
		D81AD6171F7DD94100EE8F2A /* Info.plist */ = {isa = PBXFileReference; lastKnownFileType = text.plist.xml; path = Info.plist; sourceTree = "<group>"; };
		D81AD61C1F7DD94100EE8F2A /* DJLogisticsTests.xctest */ = {isa = PBXFileReference; explicitFileType = wrapper.cfbundle; includeInIndex = 0; path = DJLogisticsTests.xctest; sourceTree = BUILT_PRODUCTS_DIR; };
		D81AD6201F7DD94100EE8F2A /* DJLogisticsTests.m */ = {isa = PBXFileReference; lastKnownFileType = sourcecode.c.objc; path = DJLogisticsTests.m; sourceTree = "<group>"; };
		D81AD6221F7DD94100EE8F2A /* Info.plist */ = {isa = PBXFileReference; lastKnownFileType = text.plist.xml; path = Info.plist; sourceTree = "<group>"; };
		D81AD6271F7DD94100EE8F2A /* DJLogisticsUITests.xctest */ = {isa = PBXFileReference; explicitFileType = wrapper.cfbundle; includeInIndex = 0; path = DJLogisticsUITests.xctest; sourceTree = BUILT_PRODUCTS_DIR; };
		D81AD62B1F7DD94100EE8F2A /* DJLogisticsUITests.m */ = {isa = PBXFileReference; lastKnownFileType = sourcecode.c.objc; path = DJLogisticsUITests.m; sourceTree = "<group>"; };
		D81AD62D1F7DD94100EE8F2A /* Info.plist */ = {isa = PBXFileReference; lastKnownFileType = text.plist.xml; path = Info.plist; sourceTree = "<group>"; };
		D81AD63A1F7DEBC000EE8F2A /* AppDelegate.h */ = {isa = PBXFileReference; fileEncoding = 4; lastKnownFileType = sourcecode.c.h; path = AppDelegate.h; sourceTree = "<group>"; };
		D81AD63B1F7DEBC000EE8F2A /* AppDelegate.m */ = {isa = PBXFileReference; fileEncoding = 4; lastKnownFileType = sourcecode.c.objc; path = AppDelegate.m; sourceTree = "<group>"; };
		D81AD63F1F7DEBC000EE8F2A /* UIView+Extension.h */ = {isa = PBXFileReference; fileEncoding = 4; lastKnownFileType = sourcecode.c.h; path = "UIView+Extension.h"; sourceTree = "<group>"; };
		D81AD6401F7DEBC000EE8F2A /* UIView+Extension.m */ = {isa = PBXFileReference; fileEncoding = 4; lastKnownFileType = sourcecode.c.objc; path = "UIView+Extension.m"; sourceTree = "<group>"; };
		D81AD6431F7DEBC000EE8F2A /* EaseBlankPageView.h */ = {isa = PBXFileReference; fileEncoding = 4; lastKnownFileType = sourcecode.c.h; path = EaseBlankPageView.h; sourceTree = "<group>"; };
		D81AD6441F7DEBC000EE8F2A /* EaseBlankPageView.m */ = {isa = PBXFileReference; fileEncoding = 4; lastKnownFileType = sourcecode.c.objc; path = EaseBlankPageView.m; sourceTree = "<group>"; };
		D81AD6461F7DEBC000EE8F2A /* MBProgressHUD+SCustomHUD.h */ = {isa = PBXFileReference; fileEncoding = 4; lastKnownFileType = sourcecode.c.h; path = "MBProgressHUD+SCustomHUD.h"; sourceTree = "<group>"; };
		D81AD6471F7DEBC000EE8F2A /* MBProgressHUD+SCustomHUD.m */ = {isa = PBXFileReference; fileEncoding = 4; lastKnownFileType = sourcecode.c.objc; path = "MBProgressHUD+SCustomHUD.m"; sourceTree = "<group>"; };
		D81AD6481F7DEBC000EE8F2A /* Toast.h */ = {isa = PBXFileReference; fileEncoding = 4; lastKnownFileType = sourcecode.c.h; path = Toast.h; sourceTree = "<group>"; };
		D81AD6491F7DEBC000EE8F2A /* Toast.m */ = {isa = PBXFileReference; fileEncoding = 4; lastKnownFileType = sourcecode.c.objc; path = Toast.m; sourceTree = "<group>"; };
		D81AD64D1F7DEBC000EE8F2A /* DJCacheDataModel.h */ = {isa = PBXFileReference; fileEncoding = 4; lastKnownFileType = sourcecode.c.h; path = DJCacheDataModel.h; sourceTree = "<group>"; };
		D81AD64E1F7DEBC000EE8F2A /* DJCacheDataModel.m */ = {isa = PBXFileReference; fileEncoding = 4; lastKnownFileType = sourcecode.c.objc; path = DJCacheDataModel.m; sourceTree = "<group>"; };
		D81AD6501F7DEBC000EE8F2A /* DJContextModel.h */ = {isa = PBXFileReference; fileEncoding = 4; lastKnownFileType = sourcecode.c.h; path = DJContextModel.h; sourceTree = "<group>"; };
		D81AD6511F7DEBC000EE8F2A /* DJContextModel.m */ = {isa = PBXFileReference; fileEncoding = 4; lastKnownFileType = sourcecode.c.objc; path = DJContextModel.m; sourceTree = "<group>"; };
		D81AD6531F7DEBC000EE8F2A /* DJUserModel.h */ = {isa = PBXFileReference; fileEncoding = 4; lastKnownFileType = sourcecode.c.h; path = DJUserModel.h; sourceTree = "<group>"; };
		D81AD6541F7DEBC000EE8F2A /* DJUserModel.m */ = {isa = PBXFileReference; fileEncoding = 4; lastKnownFileType = sourcecode.c.objc; path = DJUserModel.m; sourceTree = "<group>"; };
		D81AD6581F7DEBC000EE8F2A /* ZDBaseRequestManager.h */ = {isa = PBXFileReference; fileEncoding = 4; lastKnownFileType = sourcecode.c.h; path = ZDBaseRequestManager.h; sourceTree = "<group>"; };
		D81AD6591F7DEBC000EE8F2A /* ZDBaseRequestManager.m */ = {isa = PBXFileReference; fileEncoding = 4; lastKnownFileType = sourcecode.c.objc; path = ZDBaseRequestManager.m; sourceTree = "<group>"; };
		D81AD65C1F7DEBC000EE8F2A /* DJNavgationViewController.h */ = {isa = PBXFileReference; fileEncoding = 4; lastKnownFileType = sourcecode.c.h; path = DJNavgationViewController.h; sourceTree = "<group>"; };
		D81AD65D1F7DEBC000EE8F2A /* DJNavgationViewController.m */ = {isa = PBXFileReference; fileEncoding = 4; lastKnownFileType = sourcecode.c.objc; path = DJNavgationViewController.m; sourceTree = "<group>"; };
		D81AD6761F7DECF800EE8F2A /* DJRootViewController.h */ = {isa = PBXFileReference; fileEncoding = 4; lastKnownFileType = sourcecode.c.h; path = DJRootViewController.h; sourceTree = "<group>"; };
		D81AD6771F7DECF800EE8F2A /* DJRootViewController.m */ = {isa = PBXFileReference; fileEncoding = 4; lastKnownFileType = sourcecode.c.objc; path = DJRootViewController.m; sourceTree = "<group>"; };
		D81AD67C1F7DEE0500EE8F2A /* DJTabBarController.h */ = {isa = PBXFileReference; fileEncoding = 4; lastKnownFileType = sourcecode.c.h; path = DJTabBarController.h; sourceTree = "<group>"; };
		D81AD67D1F7DEE0500EE8F2A /* DJTabBarController.m */ = {isa = PBXFileReference; fileEncoding = 4; lastKnownFileType = sourcecode.c.objc; path = DJTabBarController.m; sourceTree = "<group>"; };
		D81AD67F1F7DEEE800EE8F2A /* DJBaseMacro.h */ = {isa = PBXFileReference; lastKnownFileType = sourcecode.c.h; path = DJBaseMacro.h; sourceTree = "<group>"; };
		D81AD6831F7DF0B300EE8F2A /* PrefixHeader.pch */ = {isa = PBXFileReference; lastKnownFileType = sourcecode.c.h; path = PrefixHeader.pch; sourceTree = "<group>"; };
		D81AD6841F7DF2C700EE8F2A /* DJCofigService.h */ = {isa = PBXFileReference; lastKnownFileType = sourcecode.c.h; path = DJCofigService.h; sourceTree = "<group>"; };
		D81AD6851F7DF76400EE8F2A /* UIImage+ZDExtension.h */ = {isa = PBXFileReference; fileEncoding = 4; lastKnownFileType = sourcecode.c.h; path = "UIImage+ZDExtension.h"; sourceTree = "<group>"; };
		D81AD6861F7DF76400EE8F2A /* UIImage+ZDExtension.m */ = {isa = PBXFileReference; fileEncoding = 4; lastKnownFileType = sourcecode.c.objc; path = "UIImage+ZDExtension.m"; sourceTree = "<group>"; };
		D81AD6881F7DF93B00EE8F2A /* DJWorkViewController.h */ = {isa = PBXFileReference; fileEncoding = 4; lastKnownFileType = sourcecode.c.h; path = DJWorkViewController.h; sourceTree = "<group>"; };
		D81AD6891F7DF93B00EE8F2A /* DJWorkViewController.m */ = {isa = PBXFileReference; fileEncoding = 4; lastKnownFileType = sourcecode.c.objc; path = DJWorkViewController.m; sourceTree = "<group>"; };
		D81AD68B1F7DF94900EE8F2A /* DJMineViewController.h */ = {isa = PBXFileReference; fileEncoding = 4; lastKnownFileType = sourcecode.c.h; path = DJMineViewController.h; sourceTree = "<group>"; };
		D81AD68C1F7DF94900EE8F2A /* DJMineViewController.m */ = {isa = PBXFileReference; fileEncoding = 4; lastKnownFileType = sourcecode.c.objc; path = DJMineViewController.m; sourceTree = "<group>"; };
		D8C62E941F8E168A0015FF32 /* DJWaybillHistoryDetailController.h */ = {isa = PBXFileReference; fileEncoding = 4; lastKnownFileType = sourcecode.c.h; path = DJWaybillHistoryDetailController.h; sourceTree = "<group>"; };
		D8C62E951F8E168A0015FF32 /* DJWaybillHistoryDetailController.m */ = {isa = PBXFileReference; fileEncoding = 4; lastKnownFileType = sourcecode.c.objc; path = DJWaybillHistoryDetailController.m; sourceTree = "<group>"; };
		D8C62E971F8E16A50015FF32 /* DJWaybillHistoryDetailTableView.h */ = {isa = PBXFileReference; fileEncoding = 4; lastKnownFileType = sourcecode.c.h; path = DJWaybillHistoryDetailTableView.h; sourceTree = "<group>"; };
		D8C62E981F8E16A50015FF32 /* DJWaybillHistoryDetailTableView.m */ = {isa = PBXFileReference; fileEncoding = 4; lastKnownFileType = sourcecode.c.objc; path = DJWaybillHistoryDetailTableView.m; sourceTree = "<group>"; };
		D8FFA6F81F8C995400326AA1 /* DJChangePasswordViewController.h */ = {isa = PBXFileReference; fileEncoding = 4; lastKnownFileType = sourcecode.c.h; path = DJChangePasswordViewController.h; sourceTree = "<group>"; };
		D8FFA6F91F8C995400326AA1 /* DJChangePasswordViewController.m */ = {isa = PBXFileReference; fileEncoding = 4; lastKnownFileType = sourcecode.c.objc; path = DJChangePasswordViewController.m; sourceTree = "<group>"; };
		D8FFA6FB1F8CA2F100326AA1 /* DJChangePasswordView.h */ = {isa = PBXFileReference; fileEncoding = 4; lastKnownFileType = sourcecode.c.h; path = DJChangePasswordView.h; sourceTree = "<group>"; };
		D8FFA6FC1F8CA2F100326AA1 /* DJChangePasswordView.m */ = {isa = PBXFileReference; fileEncoding = 4; lastKnownFileType = sourcecode.c.objc; path = DJChangePasswordView.m; sourceTree = "<group>"; };
		D8FFA6FE1F8CC64C00326AA1 /* DJMineWaybillViewController.h */ = {isa = PBXFileReference; fileEncoding = 4; lastKnownFileType = sourcecode.c.h; path = DJMineWaybillViewController.h; sourceTree = "<group>"; };
		D8FFA6FF1F8CC64C00326AA1 /* DJMineWaybillViewController.m */ = {isa = PBXFileReference; fileEncoding = 4; lastKnownFileType = sourcecode.c.objc; path = DJMineWaybillViewController.m; sourceTree = "<group>"; };
		D8FFA7011F8CC6DB00326AA1 /* DJMineWaybillTableView.h */ = {isa = PBXFileReference; fileEncoding = 4; lastKnownFileType = sourcecode.c.h; path = DJMineWaybillTableView.h; sourceTree = "<group>"; };
		D8FFA7021F8CC6DB00326AA1 /* DJMineWaybillTableView.m */ = {isa = PBXFileReference; fileEncoding = 4; lastKnownFileType = sourcecode.c.objc; path = DJMineWaybillTableView.m; sourceTree = "<group>"; };
		D8FFA7041F8CC7A700326AA1 /* DJMineWaybillTableViewCell.h */ = {isa = PBXFileReference; fileEncoding = 4; lastKnownFileType = sourcecode.c.h; path = DJMineWaybillTableViewCell.h; sourceTree = "<group>"; };
		D8FFA7051F8CC7A700326AA1 /* DJMineWaybillTableViewCell.m */ = {isa = PBXFileReference; fileEncoding = 4; lastKnownFileType = sourcecode.c.objc; path = DJMineWaybillTableViewCell.m; sourceTree = "<group>"; };
		D8FFA7071F8CCCE400326AA1 /* DJWaybillModel.h */ = {isa = PBXFileReference; fileEncoding = 4; lastKnownFileType = sourcecode.c.h; path = DJWaybillModel.h; sourceTree = "<group>"; };
		D8FFA7081F8CCCE400326AA1 /* DJWaybillModel.m */ = {isa = PBXFileReference; fileEncoding = 4; lastKnownFileType = sourcecode.c.objc; path = DJWaybillModel.m; sourceTree = "<group>"; };
		E258BFD21F9345DC0032E04D /* icon_get_order@2x.png */ = {isa = PBXFileReference; lastKnownFileType = image.png; path = "icon_get_order@2x.png"; sourceTree = "<group>"; };
		E258BFD31F9345DC0032E04D /* icon_today_order@2x.png */ = {isa = PBXFileReference; lastKnownFileType = image.png; path = "icon_today_order@2x.png"; sourceTree = "<group>"; };
		E258BFD61F936E7F0032E04D /* DJSyOrderListVC.h */ = {isa = PBXFileReference; lastKnownFileType = sourcecode.c.h; path = DJSyOrderListVC.h; sourceTree = "<group>"; };
		E258BFD71F936E7F0032E04D /* DJSyOrderListVC.m */ = {isa = PBXFileReference; lastKnownFileType = sourcecode.c.objc; path = DJSyOrderListVC.m; sourceTree = "<group>"; };
		E258BFD91F9376DE0032E04D /* icon_contact_kefu@2x.png */ = {isa = PBXFileReference; lastKnownFileType = image.png; path = "icon_contact_kefu@2x.png"; sourceTree = "<group>"; };
		E258BFDA1F9376DF0032E04D /* icon_notify@2x.png */ = {isa = PBXFileReference; lastKnownFileType = image.png; path = "icon_notify@2x.png"; sourceTree = "<group>"; };
		E2FB93DF1F97B6F400B9B266 /* DJGetOrderCell.h */ = {isa = PBXFileReference; lastKnownFileType = sourcecode.c.h; path = DJGetOrderCell.h; sourceTree = "<group>"; };
		E2FB93E01F97B6F400B9B266 /* DJGetOrderCell.m */ = {isa = PBXFileReference; lastKnownFileType = sourcecode.c.objc; path = DJGetOrderCell.m; sourceTree = "<group>"; };
		E2FB93E11F97B6F400B9B266 /* DJGetOrderCell.xib */ = {isa = PBXFileReference; lastKnownFileType = file.xib; path = DJGetOrderCell.xib; sourceTree = "<group>"; };
		E2FB93E41F97BA2A00B9B266 /* btn_waybill_arrived@2x.png */ = {isa = PBXFileReference; lastKnownFileType = image.png; path = "btn_waybill_arrived@2x.png"; sourceTree = "<group>"; };
		E2FB93E51F97BA2A00B9B266 /* btn_waybill_finish@2x.png */ = {isa = PBXFileReference; lastKnownFileType = image.png; path = "btn_waybill_finish@2x.png"; sourceTree = "<group>"; };
		E2FB93E61F97BA2B00B9B266 /* btn_waybill_get@2x.png */ = {isa = PBXFileReference; lastKnownFileType = image.png; path = "btn_waybill_get@2x.png"; sourceTree = "<group>"; };
		E2FB93EA1F97C0D100B9B266 /* DJSpaceCell.h */ = {isa = PBXFileReference; lastKnownFileType = sourcecode.c.h; path = DJSpaceCell.h; sourceTree = "<group>"; };
		E2FB93EB1F97C0D100B9B266 /* DJSpaceCell.m */ = {isa = PBXFileReference; lastKnownFileType = sourcecode.c.objc; path = DJSpaceCell.m; sourceTree = "<group>"; };
		E2FB93EC1F97C0D100B9B266 /* DJSpaceCell.xib */ = {isa = PBXFileReference; lastKnownFileType = file.xib; path = DJSpaceCell.xib; sourceTree = "<group>"; };
		E2FB93EF1F97C91E00B9B266 /* DJOrderModel.h */ = {isa = PBXFileReference; lastKnownFileType = sourcecode.c.h; path = DJOrderModel.h; sourceTree = "<group>"; };
		E2FB93F01F97C91E00B9B266 /* DJOrderModel.m */ = {isa = PBXFileReference; lastKnownFileType = sourcecode.c.objc; path = DJOrderModel.m; sourceTree = "<group>"; };
		E2FB94041F9AF66400B9B266 /* NSDate+Extension.h */ = {isa = PBXFileReference; lastKnownFileType = sourcecode.c.h; path = "NSDate+Extension.h"; sourceTree = "<group>"; };
		E2FB94051F9AF66400B9B266 /* NSDate+Extension.m */ = {isa = PBXFileReference; lastKnownFileType = sourcecode.c.objc; path = "NSDate+Extension.m"; sourceTree = "<group>"; };
		E2FB94071F9AF99F00B9B266 /* UIViewController+FYCategory.m */ = {isa = PBXFileReference; lastKnownFileType = sourcecode.c.objc; path = "UIViewController+FYCategory.m"; sourceTree = "<group>"; };
		E2FB94081F9AF99F00B9B266 /* UIViewController+FYCategory.h */ = {isa = PBXFileReference; lastKnownFileType = sourcecode.c.h; path = "UIViewController+FYCategory.h"; sourceTree = "<group>"; };
		E2FB940A1F9B06BB00B9B266 /* DJSyMyOrderListVC.h */ = {isa = PBXFileReference; lastKnownFileType = sourcecode.c.h; path = DJSyMyOrderListVC.h; sourceTree = "<group>"; };
		E2FB940B1F9B06BB00B9B266 /* DJSyMyOrderListVC.m */ = {isa = PBXFileReference; lastKnownFileType = sourcecode.c.objc; path = DJSyMyOrderListVC.m; sourceTree = "<group>"; };
		E2FB940D1F9B1AF100B9B266 /* DJWayBillIngCell.h */ = {isa = PBXFileReference; lastKnownFileType = sourcecode.c.h; path = DJWayBillIngCell.h; sourceTree = "<group>"; };
		E2FB940E1F9B1AF100B9B266 /* DJWayBillIngCell.m */ = {isa = PBXFileReference; lastKnownFileType = sourcecode.c.objc; path = DJWayBillIngCell.m; sourceTree = "<group>"; };
		E2FB940F1F9B1AF100B9B266 /* DJWayBillIngCell.xib */ = {isa = PBXFileReference; lastKnownFileType = file.xib; path = DJWayBillIngCell.xib; sourceTree = "<group>"; };
		E2FB94121F9B2D7B00B9B266 /* FYLocationManager.h */ = {isa = PBXFileReference; lastKnownFileType = sourcecode.c.h; path = FYLocationManager.h; sourceTree = "<group>"; };
		E2FB94131F9B2D7B00B9B266 /* FYWGS84TOGCJ02.m */ = {isa = PBXFileReference; lastKnownFileType = sourcecode.c.objc; path = FYWGS84TOGCJ02.m; sourceTree = "<group>"; };
		E2FB94141F9B2D7C00B9B266 /* FYLocationManager.m */ = {isa = PBXFileReference; lastKnownFileType = sourcecode.c.objc; path = FYLocationManager.m; sourceTree = "<group>"; };
		E2FB94151F9B2D7C00B9B266 /* FYWGS84TOGCJ02.h */ = {isa = PBXFileReference; lastKnownFileType = sourcecode.c.h; path = FYWGS84TOGCJ02.h; sourceTree = "<group>"; };
		E2FB94181F9B9D4A00B9B266 /* CoreLocation.framework */ = {isa = PBXFileReference; lastKnownFileType = wrapper.framework; name = CoreLocation.framework; path = System/Library/Frameworks/CoreLocation.framework; sourceTree = SDKROOT; };
/* End PBXFileReference section */

/* Begin PBXFrameworksBuildPhase section */
		D81AD6001F7DD94100EE8F2A /* Frameworks */ = {
			isa = PBXFrameworksBuildPhase;
			buildActionMask = 2147483647;
			files = (
				E2FB94191F9B9D4A00B9B266 /* CoreLocation.framework in Frameworks */,
				D814146C1F989BCF00AE5800 /* libXG-SDK.a in Frameworks */,
				D81414641F9894B200AE5800 /* SystemConfiguration.framework in Frameworks */,
				D81414621F98949200AE5800 /* CoreTelephony.framework in Frameworks */,
				D81414601F98945E00AE5800 /* UserNotifications.framework in Frameworks */,
				15686ADD292CB714C7EB6BE0 /* libPods-DJLogistics.a in Frameworks */,
				D81414661F9894BE00AE5800 /* libz.tbd in Frameworks */,
			);
			runOnlyForDeploymentPostprocessing = 0;
		};
		D81AD6191F7DD94100EE8F2A /* Frameworks */ = {
			isa = PBXFrameworksBuildPhase;
			buildActionMask = 2147483647;
			files = (
			);
			runOnlyForDeploymentPostprocessing = 0;
		};
		D81AD6241F7DD94100EE8F2A /* Frameworks */ = {
			isa = PBXFrameworksBuildPhase;
			buildActionMask = 2147483647;
			files = (
			);
			runOnlyForDeploymentPostprocessing = 0;
		};
/* End PBXFrameworksBuildPhase section */

/* Begin PBXGroup section */
		A598005ABA04F6A96BB43967 /* Frameworks */ = {
			isa = PBXGroup;
			children = (
				E2FB94181F9B9D4A00B9B266 /* CoreLocation.framework */,
				D814146B1F989BCF00AE5800 /* libXG-SDK.a */,
				D81414651F9894BE00AE5800 /* libz.tbd */,
				D81414631F9894A100AE5800 /* SystemConfiguration.framework */,
				D81414611F98947900AE5800 /* CoreTelephony.framework */,
				D814145F1F98944D00AE5800 /* UserNotifications.framework */,
				845DF412F4D6D6F6DD7BBEB4 /* libPods-DJLogistics.a */,
			);
			name = Frameworks;
			sourceTree = "<group>";
		};
		B9652F5D5EB72FAB4973FD2A /* Pods */ = {
			isa = PBXGroup;
			children = (
				1264B2E724BEA92BF26B4E0E /* Pods-DJLogistics.debug.xcconfig */,
				02BB86A1223B6C6E249562AC /* Pods-DJLogistics.release.xcconfig */,
			);
			name = Pods;
			sourceTree = "<group>";
		};
		D80DFBDF1F8E06550015E413 /* DJMineWaybillDetailCell */ = {
			isa = PBXGroup;
			children = (
				D80DFBE01F8E06BA0015E413 /* DJDeliveryInfoTableViewCell.h */,
				D80DFBE11F8E06BA0015E413 /* DJDeliveryInfoTableViewCell.m */,
				D80DFBE31F8E07290015E413 /* DJMerchantInfoCell.h */,
				D80DFBE41F8E07290015E413 /* DJMerchantInfoCell.m */,
				D80DFBE61F8E07830015E413 /* DJOrderInfoCell.h */,
				D80DFBE71F8E07830015E413 /* DJOrderInfoCell.m */,
				D80DFBE91F8E07AD0015E413 /* DJCustomInfoCell.h */,
				D80DFBEA1F8E07AD0015E413 /* DJCustomInfoCell.m */,
			);
			path = DJMineWaybillDetailCell;
			sourceTree = "<group>";
		};
		D80F07551F904A5700F45ABB /* Utilities */ = {
			isa = PBXGroup;
			children = (
				D80F07561F904A6200F45ABB /* DJUtilities.h */,
				D80F07571F904A6200F45ABB /* DJUtilities.m */,
			);
			path = Utilities;
			sourceTree = "<group>";
		};
		D811FF681F7F3E4800BD8552 /* Controller */ = {
			isa = PBXGroup;
			children = (
				D811FF691F7F3E4800BD8552 /* DJLoginViewController.h */,
				D811FF6A1F7F3E4800BD8552 /* DJLoginViewController.m */,
			);
			path = Controller;
			sourceTree = "<group>";
		};
		D811FF6B1F7F3E4800BD8552 /* Model */ = {
			isa = PBXGroup;
			children = (
			);
			path = Model;
			sourceTree = "<group>";
		};
		D811FF6C1F7F3E4800BD8552 /* View */ = {
			isa = PBXGroup;
			children = (
				D811FF6E1F7F3E7100BD8552 /* DJLoginView.h */,
				D811FF6F1F7F3E7100BD8552 /* DJLoginView.m */,
			);
			path = View;
			sourceTree = "<group>";
		};
		D81414521F9837B400AE5800 /* XTSegmentControl */ = {
			isa = PBXGroup;
			children = (
				D81414531F9837B400AE5800 /* XTSegmentControl.h */,
				D81414541F9837B400AE5800 /* XTSegmentControl.m */,
			);
			path = XTSegmentControl;
			sourceTree = "<group>";
		};
		D81AD5FA1F7DD94100EE8F2A = {
			isa = PBXGroup;
			children = (
				D81AD6051F7DD94100EE8F2A /* DJLogistics */,
				D81AD61F1F7DD94100EE8F2A /* DJLogisticsTests */,
				D81AD62A1F7DD94100EE8F2A /* DJLogisticsUITests */,
				D81AD6041F7DD94100EE8F2A /* Products */,
				B9652F5D5EB72FAB4973FD2A /* Pods */,
				A598005ABA04F6A96BB43967 /* Frameworks */,
			);
			sourceTree = "<group>";
		};
		D81AD6041F7DD94100EE8F2A /* Products */ = {
			isa = PBXGroup;
			children = (
				D81AD6031F7DD94100EE8F2A /* DJLogistics.app */,
				D81AD61C1F7DD94100EE8F2A /* DJLogisticsTests.xctest */,
				D81AD6271F7DD94100EE8F2A /* DJLogisticsUITests.xctest */,
			);
			name = Products;
			sourceTree = "<group>";
		};
		D81AD6051F7DD94100EE8F2A /* DJLogistics */ = {
			isa = PBXGroup;
			children = (
				D814290C1F9DDD1B0067CDE1 /* DJLogistics.entitlements */,
				D81AD64A1F7DEBC000EE8F2A /* Foundation */,
				D81AD6391F7DEBC000EE8F2A /* AppInter */,
				D81AD6601F7DEBC000EE8F2A /* Main */,
				D81AD63D1F7DEBC000EE8F2A /* Categories */,
				D81AD6411F7DEBC000EE8F2A /* Components */,
				D81AD6691F7DEBC000EE8F2A /* Resource */,
				D81AD66A1F7DEBC000EE8F2A /* Vendors */,
				D81AD6141F7DD94100EE8F2A /* LaunchScreen.storyboard */,
				D81AD6061F7DD94100EE8F2A /* Supporting Files */,
			);
			path = DJLogistics;
			sourceTree = "<group>";
		};
		D81AD6061F7DD94100EE8F2A /* Supporting Files */ = {
			isa = PBXGroup;
			children = (
				D81AD6171F7DD94100EE8F2A /* Info.plist */,
				D81AD6071F7DD94100EE8F2A /* main.m */,
				D81AD6831F7DF0B300EE8F2A /* PrefixHeader.pch */,
			);
			name = "Supporting Files";
			sourceTree = "<group>";
		};
		D81AD61F1F7DD94100EE8F2A /* DJLogisticsTests */ = {
			isa = PBXGroup;
			children = (
				D81AD6201F7DD94100EE8F2A /* DJLogisticsTests.m */,
				D81AD6221F7DD94100EE8F2A /* Info.plist */,
			);
			path = DJLogisticsTests;
			sourceTree = "<group>";
		};
		D81AD62A1F7DD94100EE8F2A /* DJLogisticsUITests */ = {
			isa = PBXGroup;
			children = (
				D81AD62B1F7DD94100EE8F2A /* DJLogisticsUITests.m */,
				D81AD62D1F7DD94100EE8F2A /* Info.plist */,
			);
			path = DJLogisticsUITests;
			sourceTree = "<group>";
		};
		D81AD6391F7DEBC000EE8F2A /* AppInter */ = {
			isa = PBXGroup;
			children = (
				D81AD63A1F7DEBC000EE8F2A /* AppDelegate.h */,
				D81AD63B1F7DEBC000EE8F2A /* AppDelegate.m */,
				D81AD63C1F7DEBC000EE8F2A /* AppManager */,
			);
			path = AppInter;
			sourceTree = "<group>";
		};
		D81AD63C1F7DEBC000EE8F2A /* AppManager */ = {
			isa = PBXGroup;
			children = (
				D81414681F98967C00AE5800 /* DJAppManagerInit.h */,
				D81414691F98967C00AE5800 /* DJAppManagerInit.m */,
			);
			path = AppManager;
			sourceTree = "<group>";
		};
		D81AD63D1F7DEBC000EE8F2A /* Categories */ = {
			isa = PBXGroup;
			children = (
				E2FB94081F9AF99F00B9B266 /* UIViewController+FYCategory.h */,
				E2FB94071F9AF99F00B9B266 /* UIViewController+FYCategory.m */,
				E2FB94041F9AF66400B9B266 /* NSDate+Extension.h */,
				E2FB94051F9AF66400B9B266 /* NSDate+Extension.m */,
				D81AD6851F7DF76400EE8F2A /* UIImage+ZDExtension.h */,
				D81AD6861F7DF76400EE8F2A /* UIImage+ZDExtension.m */,
				D81AD63E1F7DEBC000EE8F2A /* UIView */,
				D811FF711F7F72D400BD8552 /* NSString+Extension.h */,
				D811FF721F7F72D400BD8552 /* NSString+Extension.m */,
			);
			path = Categories;
			sourceTree = "<group>";
		};
		D81AD63E1F7DEBC000EE8F2A /* UIView */ = {
			isa = PBXGroup;
			children = (
				D81AD63F1F7DEBC000EE8F2A /* UIView+Extension.h */,
				D81AD6401F7DEBC000EE8F2A /* UIView+Extension.m */,
			);
			path = UIView;
			sourceTree = "<group>";
		};
		D81AD6411F7DEBC000EE8F2A /* Components */ = {
			isa = PBXGroup;
			children = (
				D80F07551F904A5700F45ABB /* Utilities */,
				D81AD6421F7DEBC000EE8F2A /* BlankPage */,
				D81AD6451F7DEBC000EE8F2A /* Hud */,
			);
			path = Components;
			sourceTree = "<group>";
		};
		D81AD6421F7DEBC000EE8F2A /* BlankPage */ = {
			isa = PBXGroup;
			children = (
				D81AD6431F7DEBC000EE8F2A /* EaseBlankPageView.h */,
				D81AD6441F7DEBC000EE8F2A /* EaseBlankPageView.m */,
			);
			path = BlankPage;
			sourceTree = "<group>";
		};
		D81AD6451F7DEBC000EE8F2A /* Hud */ = {
			isa = PBXGroup;
			children = (
				D81AD6461F7DEBC000EE8F2A /* MBProgressHUD+SCustomHUD.h */,
				D81AD6471F7DEBC000EE8F2A /* MBProgressHUD+SCustomHUD.m */,
				D81AD6481F7DEBC000EE8F2A /* Toast.h */,
				D81AD6491F7DEBC000EE8F2A /* Toast.m */,
			);
			path = Hud;
			sourceTree = "<group>";
		};
		D81AD64A1F7DEBC000EE8F2A /* Foundation */ = {
			isa = PBXGroup;
			children = (
				D81AD64B1F7DEBC000EE8F2A /* BaseModel */,
				D81AD6551F7DEBC000EE8F2A /* Macro */,
				D81AD6561F7DEBC000EE8F2A /* NetWork */,
				D81AD65A1F7DEBC000EE8F2A /* RootController */,
			);
			path = Foundation;
			sourceTree = "<group>";
		};
		D81AD64B1F7DEBC000EE8F2A /* BaseModel */ = {
			isa = PBXGroup;
			children = (
				D81AD64C1F7DEBC000EE8F2A /* DJCacheDataModel */,
				D81AD64F1F7DEBC000EE8F2A /* DJContextModel */,
				D81AD6521F7DEBC000EE8F2A /* DJUserModel */,
			);
			path = BaseModel;
			sourceTree = "<group>";
		};
		D81AD64C1F7DEBC000EE8F2A /* DJCacheDataModel */ = {
			isa = PBXGroup;
			children = (
				D81AD64D1F7DEBC000EE8F2A /* DJCacheDataModel.h */,
				D81AD64E1F7DEBC000EE8F2A /* DJCacheDataModel.m */,
			);
			name = DJCacheDataModel;
			path = ZDCacheDataModel;
			sourceTree = "<group>";
		};
		D81AD64F1F7DEBC000EE8F2A /* DJContextModel */ = {
			isa = PBXGroup;
			children = (
				D81AD6501F7DEBC000EE8F2A /* DJContextModel.h */,
				D81AD6511F7DEBC000EE8F2A /* DJContextModel.m */,
			);
			name = DJContextModel;
			path = ZDContextModel;
			sourceTree = "<group>";
		};
		D81AD6521F7DEBC000EE8F2A /* DJUserModel */ = {
			isa = PBXGroup;
			children = (
				D81AD6531F7DEBC000EE8F2A /* DJUserModel.h */,
				D81AD6541F7DEBC000EE8F2A /* DJUserModel.m */,
			);
			name = DJUserModel;
			path = ZDUserModel;
			sourceTree = "<group>";
		};
		D81AD6551F7DEBC000EE8F2A /* Macro */ = {
			isa = PBXGroup;
			children = (
				D81AD67F1F7DEEE800EE8F2A /* DJBaseMacro.h */,
				D81AD6841F7DF2C700EE8F2A /* DJCofigService.h */,
			);
			path = Macro;
			sourceTree = "<group>";
		};
		D81AD6561F7DEBC000EE8F2A /* NetWork */ = {
			isa = PBXGroup;
			children = (
				D81AD6571F7DEBC000EE8F2A /* DJRequestManager */,
			);
			path = NetWork;
			sourceTree = "<group>";
		};
		D81AD6571F7DEBC000EE8F2A /* DJRequestManager */ = {
			isa = PBXGroup;
			children = (
				D81AD6581F7DEBC000EE8F2A /* ZDBaseRequestManager.h */,
				D81AD6591F7DEBC000EE8F2A /* ZDBaseRequestManager.m */,
			);
			path = DJRequestManager;
			sourceTree = "<group>";
		};
		D81AD65A1F7DEBC000EE8F2A /* RootController */ = {
			isa = PBXGroup;
			children = (
				D81AD65B1F7DEBC000EE8F2A /* DJNavgationViewController */,
				D81AD65E1F7DEBC000EE8F2A /* DJTabBarViewController */,
				D81AD6761F7DECF800EE8F2A /* DJRootViewController.h */,
				D81AD6771F7DECF800EE8F2A /* DJRootViewController.m */,
			);
			path = RootController;
			sourceTree = "<group>";
		};
		D81AD65B1F7DEBC000EE8F2A /* DJNavgationViewController */ = {
			isa = PBXGroup;
			children = (
				D81AD65C1F7DEBC000EE8F2A /* DJNavgationViewController.h */,
				D81AD65D1F7DEBC000EE8F2A /* DJNavgationViewController.m */,
			);
			path = DJNavgationViewController;
			sourceTree = "<group>";
		};
		D81AD65E1F7DEBC000EE8F2A /* DJTabBarViewController */ = {
			isa = PBXGroup;
			children = (
				D81AD67C1F7DEE0500EE8F2A /* DJTabBarController.h */,
				D81AD67D1F7DEE0500EE8F2A /* DJTabBarController.m */,
			);
			path = DJTabBarViewController;
			sourceTree = "<group>";
		};
		D81AD6601F7DEBC000EE8F2A /* Main */ = {
			isa = PBXGroup;
			children = (
				D81AD6651F7DEBC000EE8F2A /* Work */,
				D81AD6611F7DEBC000EE8F2A /* Mine */,
				D81AD6751F7DEC9A00EE8F2A /* Login */,
			);
			path = Main;
			sourceTree = "<group>";
		};
		D81AD6611F7DEBC000EE8F2A /* Mine */ = {
			isa = PBXGroup;
			children = (
				D81AD6621F7DEBC000EE8F2A /* Controller */,
				D81AD6631F7DEBC000EE8F2A /* Model */,
				D81AD6641F7DEBC000EE8F2A /* View */,
			);
			path = Mine;
			sourceTree = "<group>";
		};
		D81AD6621F7DEBC000EE8F2A /* Controller */ = {
			isa = PBXGroup;
			children = (
				D81AD68B1F7DF94900EE8F2A /* DJMineViewController.h */,
				D81AD68C1F7DF94900EE8F2A /* DJMineViewController.m */,
				D814B3FF1F8B70D7001E424C /* DJPersonInfoViewController.h */,
				D814B4001F8B70D7001E424C /* DJPersonInfoViewController.m */,
				D8FFA6F81F8C995400326AA1 /* DJChangePasswordViewController.h */,
				D8FFA6F91F8C995400326AA1 /* DJChangePasswordViewController.m */,
				D8FFA6FE1F8CC64C00326AA1 /* DJMineWaybillViewController.h */,
				D8FFA6FF1F8CC64C00326AA1 /* DJMineWaybillViewController.m */,
				D8C62E941F8E168A0015FF32 /* DJWaybillHistoryDetailController.h */,
				D8C62E951F8E168A0015FF32 /* DJWaybillHistoryDetailController.m */,
			);
			path = Controller;
			sourceTree = "<group>";
		};
		D81AD6631F7DEBC000EE8F2A /* Model */ = {
			isa = PBXGroup;
			children = (
				D8FFA7071F8CCCE400326AA1 /* DJWaybillModel.h */,
				D8FFA7081F8CCCE400326AA1 /* DJWaybillModel.m */,
				D80DFBDC1F8DFE620015E413 /* DJWaybillDataSource.h */,
				D80DFBDD1F8DFE620015E413 /* DJWaybillDataSource.m */,
				D80F07621F909A5800F45ABB /* DJWorkReportModel.h */,
				D80F07631F909A5800F45ABB /* DJWorkReportModel.m */,
			);
			path = Model;
			sourceTree = "<group>";
		};
		D81AD6641F7DEBC000EE8F2A /* View */ = {
			isa = PBXGroup;
			children = (
				D80DFBDF1F8E06550015E413 /* DJMineWaybillDetailCell */,
				D814B3F31F8B0EF7001E424C /* DJMineTableView.h */,
				D814B3F41F8B0EF7001E424C /* DJMineTableView.m */,
				D814B3F61F8B1086001E424C /* DJMineTableViewCell.h */,
				D814B3F71F8B1086001E424C /* DJMineTableViewCell.m */,
				D814B3F91F8B1F44001E424C /* DJMineFooterView.h */,
				D814B3FA1F8B1F44001E424C /* DJMineFooterView.m */,
				D814B3FC1F8B263D001E424C /* DJMineFooterCollectionViewCell.h */,
				D814B3FD1F8B263D001E424C /* DJMineFooterCollectionViewCell.m */,
				D814B4021F8B7116001E424C /* DJPersonInfoTableView.h */,
				D814B4031F8B7116001E424C /* DJPersonInfoTableView.m */,
				D814B4081F8B7867001E424C /* DJPersonInfoTableViewCell.h */,
				D814B4091F8B7867001E424C /* DJPersonInfoTableViewCell.m */,
				D8FFA6FB1F8CA2F100326AA1 /* DJChangePasswordView.h */,
				D8FFA6FC1F8CA2F100326AA1 /* DJChangePasswordView.m */,
				D8FFA7011F8CC6DB00326AA1 /* DJMineWaybillTableView.h */,
				D8FFA7021F8CC6DB00326AA1 /* DJMineWaybillTableView.m */,
				D8FFA7041F8CC7A700326AA1 /* DJMineWaybillTableViewCell.h */,
				D8FFA7051F8CC7A700326AA1 /* DJMineWaybillTableViewCell.m */,
				D8C62E971F8E16A50015FF32 /* DJWaybillHistoryDetailTableView.h */,
				D8C62E981F8E16A50015FF32 /* DJWaybillHistoryDetailTableView.m */,
			);
			path = View;
			sourceTree = "<group>";
		};
		D81AD6651F7DEBC000EE8F2A /* Work */ = {
			isa = PBXGroup;
			children = (
				D81AD6661F7DEBC000EE8F2A /* Controller */,
				D81AD6671F7DEBC000EE8F2A /* Model */,
				D81AD6681F7DEBC000EE8F2A /* View */,
			);
			path = Work;
			sourceTree = "<group>";
		};
		D81AD6661F7DEBC000EE8F2A /* Controller */ = {
			isa = PBXGroup;
			children = (
				D81AD6881F7DF93B00EE8F2A /* DJWorkViewController.h */,
				D81AD6891F7DF93B00EE8F2A /* DJWorkViewController.m */,
				E258BFD61F936E7F0032E04D /* DJSyOrderListVC.h */,
				E258BFD71F936E7F0032E04D /* DJSyOrderListVC.m */,
				E2FB940A1F9B06BB00B9B266 /* DJSyMyOrderListVC.h */,
				E2FB940B1F9B06BB00B9B266 /* DJSyMyOrderListVC.m */,
				D800927C1F8F60C00027A7D2 /* DJMessageCenterViewController.h */,
				D800927D1F8F60C00027A7D2 /* DJMessageCenterViewController.m */,
				D80F07591F908DDB00F45ABB /* DJMessageDetailViewController.h */,
				D80F075A1F908DDB00F45ABB /* DJMessageDetailViewController.m */,
				D814144F1F98373900AE5800 /* DJWayBillCenterViewController.h */,
				D81414501F98373900AE5800 /* DJWayBillCenterViewController.m */,
				D81414561F983BA700AE5800 /* DJDispatchingViewController.h */,
				D81414571F983BA700AE5800 /* DJDispatchingViewController.m */,
				D81414591F983BDB00AE5800 /* DJFinishWayBillViewController.h */,
				D814145A1F983BDB00AE5800 /* DJFinishWayBillViewController.m */,
			);
			path = Controller;
			sourceTree = "<group>";
		};
		D81AD6671F7DEBC000EE8F2A /* Model */ = {
			isa = PBXGroup;
			children = (
				E2FB94121F9B2D7B00B9B266 /* FYLocationManager.h */,
				E2FB94141F9B2D7C00B9B266 /* FYLocationManager.m */,
				E2FB94151F9B2D7C00B9B266 /* FYWGS84TOGCJ02.h */,
				E2FB94131F9B2D7B00B9B266 /* FYWGS84TOGCJ02.m */,
				D80092851F8F67AD0027A7D2 /* DJMessageModel.h */,
				D80092861F8F67AD0027A7D2 /* DJMessageModel.m */,
				D80092881F8F68CD0027A7D2 /* DJMessageDataSource.h */,
				D80092891F8F68CD0027A7D2 /* DJMessageDataSource.m */,
				E2FB93EF1F97C91E00B9B266 /* DJOrderModel.h */,
				E2FB93F01F97C91E00B9B266 /* DJOrderModel.m */,
			);
			path = Model;
			sourceTree = "<group>";
		};
		D81AD6681F7DEBC000EE8F2A /* View */ = {
			isa = PBXGroup;
			children = (
				D800927F1F8F62AC0027A7D2 /* DJMessageCenterTableView.h */,
				D80092801F8F62AC0027A7D2 /* DJMessageCenterTableView.m */,
				D80092821F8F62C90027A7D2 /* DJMessageCenterTableViewCell.h */,
				D80092831F8F62C90027A7D2 /* DJMessageCenterTableViewCell.m */,
				D80F075C1F908DF500F45ABB /* DJMessageDetailTableView.h */,
				D80F075D1F908DF500F45ABB /* DJMessageDetailTableView.m */,
				D80F075F1F908E0700F45ABB /* DJMessageDetailTableViewCell.h */,
				D80F07601F908E0700F45ABB /* DJMessageDetailTableViewCell.m */,
				D814145C1F98404E00AE5800 /* DJFinishWayBillTableView.h */,
				D814145D1F98404E00AE5800 /* DJFinishWayBillTableView.m */,
				E2FB940D1F9B1AF100B9B266 /* DJWayBillIngCell.h */,
				E2FB940E1F9B1AF100B9B266 /* DJWayBillIngCell.m */,
				E2FB940F1F9B1AF100B9B266 /* DJWayBillIngCell.xib */,
				E2FB93EA1F97C0D100B9B266 /* DJSpaceCell.h */,
				E2FB93EB1F97C0D100B9B266 /* DJSpaceCell.m */,
				E2FB93EC1F97C0D100B9B266 /* DJSpaceCell.xib */,
				E2FB93DF1F97B6F400B9B266 /* DJGetOrderCell.h */,
				E2FB93E01F97B6F400B9B266 /* DJGetOrderCell.m */,
				E2FB93E11F97B6F400B9B266 /* DJGetOrderCell.xib */,
			);
			path = View;
			sourceTree = "<group>";
		};
		D81AD6691F7DEBC000EE8F2A /* Resource */ = {
			isa = PBXGroup;
			children = (
				E2FB93E41F97BA2A00B9B266 /* btn_waybill_arrived@2x.png */,
				E2FB93E51F97BA2A00B9B266 /* btn_waybill_finish@2x.png */,
				E2FB93E61F97BA2B00B9B266 /* btn_waybill_get@2x.png */,
				E258BFD91F9376DE0032E04D /* icon_contact_kefu@2x.png */,
				E258BFDA1F9376DF0032E04D /* icon_notify@2x.png */,
				E258BFD21F9345DC0032E04D /* icon_get_order@2x.png */,
				E258BFD31F9345DC0032E04D /* icon_today_order@2x.png */,
				D814B3F11F8B011C001E424C /* Assets.xcassets */,
			);
			path = Resource;
			sourceTree = "<group>";
		};
		D81AD66A1F7DEBC000EE8F2A /* Vendors */ = {
			isa = PBXGroup;
			children = (
				D81414521F9837B400AE5800 /* XTSegmentControl */,
			);
			path = Vendors;
			sourceTree = "<group>";
		};
		D81AD6751F7DEC9A00EE8F2A /* Login */ = {
			isa = PBXGroup;
			children = (
				D811FF681F7F3E4800BD8552 /* Controller */,
				D811FF6C1F7F3E4800BD8552 /* View */,
				D811FF6B1F7F3E4800BD8552 /* Model */,
			);
			path = Login;
			sourceTree = "<group>";
		};
/* End PBXGroup section */

/* Begin PBXNativeTarget section */
		D81AD6021F7DD94100EE8F2A /* DJLogistics */ = {
			isa = PBXNativeTarget;
			buildConfigurationList = D81AD6301F7DD94100EE8F2A /* Build configuration list for PBXNativeTarget "DJLogistics" */;
			buildPhases = (
				6147B0C8F81F309BD68E28DE /* [CP] Check Pods Manifest.lock */,
				D81AD5FF1F7DD94100EE8F2A /* Sources */,
				D81AD6001F7DD94100EE8F2A /* Frameworks */,
				D81AD6011F7DD94100EE8F2A /* Resources */,
				1BE12AA9BCDB1523EBA6150F /* [CP] Embed Pods Frameworks */,
				A650C356454C732259230B39 /* [CP] Copy Pods Resources */,
			);
			buildRules = (
			);
			dependencies = (
			);
			name = DJLogistics;
			productName = DJLogistics;
			productReference = D81AD6031F7DD94100EE8F2A /* DJLogistics.app */;
			productType = "com.apple.product-type.application";
		};
		D81AD61B1F7DD94100EE8F2A /* DJLogisticsTests */ = {
			isa = PBXNativeTarget;
			buildConfigurationList = D81AD6331F7DD94100EE8F2A /* Build configuration list for PBXNativeTarget "DJLogisticsTests" */;
			buildPhases = (
				D81AD6181F7DD94100EE8F2A /* Sources */,
				D81AD6191F7DD94100EE8F2A /* Frameworks */,
				D81AD61A1F7DD94100EE8F2A /* Resources */,
			);
			buildRules = (
			);
			dependencies = (
				D81AD61E1F7DD94100EE8F2A /* PBXTargetDependency */,
			);
			name = DJLogisticsTests;
			productName = DJLogisticsTests;
			productReference = D81AD61C1F7DD94100EE8F2A /* DJLogisticsTests.xctest */;
			productType = "com.apple.product-type.bundle.unit-test";
		};
		D81AD6261F7DD94100EE8F2A /* DJLogisticsUITests */ = {
			isa = PBXNativeTarget;
			buildConfigurationList = D81AD6361F7DD94100EE8F2A /* Build configuration list for PBXNativeTarget "DJLogisticsUITests" */;
			buildPhases = (
				D81AD6231F7DD94100EE8F2A /* Sources */,
				D81AD6241F7DD94100EE8F2A /* Frameworks */,
				D81AD6251F7DD94100EE8F2A /* Resources */,
			);
			buildRules = (
			);
			dependencies = (
				D81AD6291F7DD94100EE8F2A /* PBXTargetDependency */,
			);
			name = DJLogisticsUITests;
			productName = DJLogisticsUITests;
			productReference = D81AD6271F7DD94100EE8F2A /* DJLogisticsUITests.xctest */;
			productType = "com.apple.product-type.bundle.ui-testing";
		};
/* End PBXNativeTarget section */

/* Begin PBXProject section */
		D81AD5FB1F7DD94100EE8F2A /* Project object */ = {
			isa = PBXProject;
			attributes = {
				LastUpgradeCheck = 0830;
				ORGANIZATIONNAME = Roc;
				TargetAttributes = {
					D81AD6021F7DD94100EE8F2A = {
						CreatedOnToolsVersion = 8.3.3;
						DevelopmentTeam = WLUJNW49DA;
						ProvisioningStyle = Automatic;
						SystemCapabilities = {
							com.apple.BackgroundModes = {
								enabled = 1;
							};
							com.apple.Push = {
								enabled = 1;
							};
						};
					};
					D81AD61B1F7DD94100EE8F2A = {
						CreatedOnToolsVersion = 8.3.3;
						ProvisioningStyle = Automatic;
						TestTargetID = D81AD6021F7DD94100EE8F2A;
					};
					D81AD6261F7DD94100EE8F2A = {
						CreatedOnToolsVersion = 8.3.3;
						ProvisioningStyle = Automatic;
						TestTargetID = D81AD6021F7DD94100EE8F2A;
					};
				};
			};
			buildConfigurationList = D81AD5FE1F7DD94100EE8F2A /* Build configuration list for PBXProject "DJLogistics" */;
			compatibilityVersion = "Xcode 3.2";
			developmentRegion = English;
			hasScannedForEncodings = 0;
			knownRegions = (
				en,
				Base,
			);
			mainGroup = D81AD5FA1F7DD94100EE8F2A;
			productRefGroup = D81AD6041F7DD94100EE8F2A /* Products */;
			projectDirPath = "";
			projectRoot = "";
			targets = (
				D81AD6021F7DD94100EE8F2A /* DJLogistics */,
				D81AD61B1F7DD94100EE8F2A /* DJLogisticsTests */,
				D81AD6261F7DD94100EE8F2A /* DJLogisticsUITests */,
			);
		};
/* End PBXProject section */

/* Begin PBXResourcesBuildPhase section */
		D81AD6011F7DD94100EE8F2A /* Resources */ = {
			isa = PBXResourcesBuildPhase;
			buildActionMask = 2147483647;
			files = (
				E2FB93E31F97B6F400B9B266 /* DJGetOrderCell.xib in Resources */,
				E2FB94111F9B1AF100B9B266 /* DJWayBillIngCell.xib in Resources */,
				E258BFDC1F93770B0032E04D /* icon_notify@2x.png in Resources */,
				E2FB93E71F97BA2E00B9B266 /* btn_waybill_arrived@2x.png in Resources */,
				E2FB93E91F97BA3300B9B266 /* btn_waybill_get@2x.png in Resources */,
				E258BFD51F9351970032E04D /* icon_today_order@2x.png in Resources */,
				D814B3F21F8B011C001E424C /* Assets.xcassets in Resources */,
				E2FB93EE1F97C0D100B9B266 /* DJSpaceCell.xib in Resources */,
				E258BFDB1F9377060032E04D /* icon_contact_kefu@2x.png in Resources */,
				E2FB93E81F97BA3100B9B266 /* btn_waybill_finish@2x.png in Resources */,
				E258BFD41F9351930032E04D /* icon_get_order@2x.png in Resources */,
				D81AD6161F7DD94100EE8F2A /* LaunchScreen.storyboard in Resources */,
			);
			runOnlyForDeploymentPostprocessing = 0;
		};
		D81AD61A1F7DD94100EE8F2A /* Resources */ = {
			isa = PBXResourcesBuildPhase;
			buildActionMask = 2147483647;
			files = (
			);
			runOnlyForDeploymentPostprocessing = 0;
		};
		D81AD6251F7DD94100EE8F2A /* Resources */ = {
			isa = PBXResourcesBuildPhase;
			buildActionMask = 2147483647;
			files = (
			);
			runOnlyForDeploymentPostprocessing = 0;
		};
/* End PBXResourcesBuildPhase section */

/* Begin PBXShellScriptBuildPhase section */
		1BE12AA9BCDB1523EBA6150F /* [CP] Embed Pods Frameworks */ = {
			isa = PBXShellScriptBuildPhase;
			buildActionMask = 2147483647;
			files = (
			);
			inputPaths = (
			);
			name = "[CP] Embed Pods Frameworks";
			outputPaths = (
			);
			runOnlyForDeploymentPostprocessing = 0;
			shellPath = /bin/sh;
			shellScript = "\"${SRCROOT}/Pods/Target Support Files/Pods-DJLogistics/Pods-DJLogistics-frameworks.sh\"\n";
			showEnvVarsInLog = 0;
		};
		6147B0C8F81F309BD68E28DE /* [CP] Check Pods Manifest.lock */ = {
			isa = PBXShellScriptBuildPhase;
			buildActionMask = 2147483647;
			files = (
			);
			inputPaths = (
				"${PODS_PODFILE_DIR_PATH}/Podfile.lock",
				"${PODS_ROOT}/Manifest.lock",
			);
			name = "[CP] Check Pods Manifest.lock";
			outputPaths = (
				"$(DERIVED_FILE_DIR)/Pods-DJLogistics-checkManifestLockResult.txt",
			);
			runOnlyForDeploymentPostprocessing = 0;
			shellPath = /bin/sh;
			shellScript = "diff \"${PODS_PODFILE_DIR_PATH}/Podfile.lock\" \"${PODS_ROOT}/Manifest.lock\" > /dev/null\nif [ $? != 0 ] ; then\n    # print error to STDERR\n    echo \"error: The sandbox is not in sync with the Podfile.lock. Run 'pod install' or update your CocoaPods installation.\" >&2\n    exit 1\nfi\n# This output is used by Xcode 'outputs' to avoid re-running this script phase.\necho \"SUCCESS\" > \"${SCRIPT_OUTPUT_FILE_0}\"\n";
			showEnvVarsInLog = 0;
		};
		A650C356454C732259230B39 /* [CP] Copy Pods Resources */ = {
			isa = PBXShellScriptBuildPhase;
			buildActionMask = 2147483647;
			files = (
			);
			inputPaths = (
				"${SRCROOT}/Pods/Target Support Files/Pods-DJLogistics/Pods-DJLogistics-resources.sh",
				"${PODS_ROOT}/IQKeyboardManager/IQKeyBoardManager/Resources/IQKeyboardManager.bundle",
				"${PODS_ROOT}/MJRefresh/MJRefresh/MJRefresh.bundle",
			);
			name = "[CP] Copy Pods Resources";
			outputPaths = (
				"${TARGET_BUILD_DIR}/${UNLOCALIZED_RESOURCES_FOLDER_PATH}",
			);
			runOnlyForDeploymentPostprocessing = 0;
			shellPath = /bin/sh;
			shellScript = "\"${SRCROOT}/Pods/Target Support Files/Pods-DJLogistics/Pods-DJLogistics-resources.sh\"\n";
			showEnvVarsInLog = 0;
		};
/* End PBXShellScriptBuildPhase section */

/* Begin PBXSourcesBuildPhase section */
		D81AD5FF1F7DD94100EE8F2A /* Sources */ = {
			isa = PBXSourcesBuildPhase;
			buildActionMask = 2147483647;
			files = (
				E2FB94161F9B2D7C00B9B266 /* FYWGS84TOGCJ02.m in Sources */,
				D81AD66E1F7DEBC000EE8F2A /* MBProgressHUD+SCustomHUD.m in Sources */,
				D8FFA7031F8CC6DB00326AA1 /* DJMineWaybillTableView.m in Sources */,
				D80F07611F908E0700F45ABB /* DJMessageDetailTableViewCell.m in Sources */,
				D814146A1F98967C00AE5800 /* DJAppManagerInit.m in Sources */,
				E2FB93E21F97B6F400B9B266 /* DJGetOrderCell.m in Sources */,
				E2FB94101F9B1AF100B9B266 /* DJWayBillIngCell.m in Sources */,
				D80F07581F904A6200F45ABB /* DJUtilities.m in Sources */,
				D8FFA7001F8CC64C00326AA1 /* DJMineWaybillViewController.m in Sources */,
				D81AD68A1F7DF93B00EE8F2A /* DJWorkViewController.m in Sources */,
				D80DFBE51F8E07290015E413 /* DJMerchantInfoCell.m in Sources */,
				D81AD66D1F7DEBC000EE8F2A /* EaseBlankPageView.m in Sources */,
				D81AD68D1F7DF94900EE8F2A /* DJMineViewController.m in Sources */,
				D8FFA6FA1F8C995400326AA1 /* DJChangePasswordViewController.m in Sources */,
				D80F075B1F908DDB00F45ABB /* DJMessageDetailViewController.m in Sources */,
				D81AD6721F7DEBC000EE8F2A /* DJUserModel.m in Sources */,
				D81AD66C1F7DEBC000EE8F2A /* UIView+Extension.m in Sources */,
				E2FB93ED1F97C0D100B9B266 /* DJSpaceCell.m in Sources */,
				D8FFA6FD1F8CA2F100326AA1 /* DJChangePasswordView.m in Sources */,
				D814B3F51F8B0EF7001E424C /* DJMineTableView.m in Sources */,
				D80DFBE21F8E06BA0015E413 /* DJDeliveryInfoTableViewCell.m in Sources */,
				D80092871F8F67AD0027A7D2 /* DJMessageModel.m in Sources */,
				D811FF731F7F72D400BD8552 /* NSString+Extension.m in Sources */,
				E2FB94091F9AF99F00B9B266 /* UIViewController+FYCategory.m in Sources */,
				D80DFBE81F8E07830015E413 /* DJOrderInfoCell.m in Sources */,
				D814B3F81F8B1086001E424C /* DJMineTableViewCell.m in Sources */,
				D814B4041F8B7116001E424C /* DJPersonInfoTableView.m in Sources */,
				E2FB940C1F9B06BB00B9B266 /* DJSyMyOrderListVC.m in Sources */,
				D8FFA7061F8CC7A700326AA1 /* DJMineWaybillTableViewCell.m in Sources */,
				D814B40A1F8B7867001E424C /* DJPersonInfoTableViewCell.m in Sources */,
				D81AD66F1F7DEBC000EE8F2A /* Toast.m in Sources */,
				D81414511F98373900AE5800 /* DJWayBillCenterViewController.m in Sources */,
				D811FF6D1F7F3E4800BD8552 /* DJLoginViewController.m in Sources */,
				E258BFD81F936E7F0032E04D /* DJSyOrderListVC.m in Sources */,
				D81AD6871F7DF76400EE8F2A /* UIImage+ZDExtension.m in Sources */,
				D81AD6701F7DEBC000EE8F2A /* DJCacheDataModel.m in Sources */,
				D81AD6731F7DEBC000EE8F2A /* ZDBaseRequestManager.m in Sources */,
				D814145B1F983BDB00AE5800 /* DJFinishWayBillViewController.m in Sources */,
				D81414581F983BA700AE5800 /* DJDispatchingViewController.m in Sources */,
				D80092841F8F62C90027A7D2 /* DJMessageCenterTableViewCell.m in Sources */,
				D81AD66B1F7DEBC000EE8F2A /* AppDelegate.m in Sources */,
				D811FF701F7F3E7100BD8552 /* DJLoginView.m in Sources */,
				D8C62E961F8E168A0015FF32 /* DJWaybillHistoryDetailController.m in Sources */,
				E2FB93F11F97C91E00B9B266 /* DJOrderModel.m in Sources */,
				D814B3FE1F8B263D001E424C /* DJMineFooterCollectionViewCell.m in Sources */,
				D8C62E991F8E16A50015FF32 /* DJWaybillHistoryDetailTableView.m in Sources */,
				D800927E1F8F60C00027A7D2 /* DJMessageCenterViewController.m in Sources */,
				D80F075E1F908DF500F45ABB /* DJMessageDetailTableView.m in Sources */,
				E2FB94171F9B2D7C00B9B266 /* FYLocationManager.m in Sources */,
				D81AD6741F7DEBC000EE8F2A /* DJNavgationViewController.m in Sources */,
				D81AD6081F7DD94100EE8F2A /* main.m in Sources */,
				D814B3FB1F8B1F44001E424C /* DJMineFooterView.m in Sources */,
				D81414551F9837B400AE5800 /* XTSegmentControl.m in Sources */,
				D81AD6781F7DECF800EE8F2A /* DJRootViewController.m in Sources */,
				E2FB94061F9AF66400B9B266 /* NSDate+Extension.m in Sources */,
				D81AD6711F7DEBC000EE8F2A /* DJContextModel.m in Sources */,
				D80DFBDE1F8DFE620015E413 /* DJWaybillDataSource.m in Sources */,
				D81AD67E1F7DEE0500EE8F2A /* DJTabBarController.m in Sources */,
				D80DFBEB1F8E07AD0015E413 /* DJCustomInfoCell.m in Sources */,
				D814145E1F98404E00AE5800 /* DJFinishWayBillTableView.m in Sources */,
				D8FFA7091F8CCCE400326AA1 /* DJWaybillModel.m in Sources */,
				D814B4011F8B70D7001E424C /* DJPersonInfoViewController.m in Sources */,
				D80F07641F909A5800F45ABB /* DJWorkReportModel.m in Sources */,
				D800928A1F8F68CD0027A7D2 /* DJMessageDataSource.m in Sources */,
				D80092811F8F62AC0027A7D2 /* DJMessageCenterTableView.m in Sources */,
			);
			runOnlyForDeploymentPostprocessing = 0;
		};
		D81AD6181F7DD94100EE8F2A /* Sources */ = {
			isa = PBXSourcesBuildPhase;
			buildActionMask = 2147483647;
			files = (
				D81AD6211F7DD94100EE8F2A /* DJLogisticsTests.m in Sources */,
			);
			runOnlyForDeploymentPostprocessing = 0;
		};
		D81AD6231F7DD94100EE8F2A /* Sources */ = {
			isa = PBXSourcesBuildPhase;
			buildActionMask = 2147483647;
			files = (
				D81AD62C1F7DD94100EE8F2A /* DJLogisticsUITests.m in Sources */,
			);
			runOnlyForDeploymentPostprocessing = 0;
		};
/* End PBXSourcesBuildPhase section */

/* Begin PBXTargetDependency section */
		D81AD61E1F7DD94100EE8F2A /* PBXTargetDependency */ = {
			isa = PBXTargetDependency;
			target = D81AD6021F7DD94100EE8F2A /* DJLogistics */;
			targetProxy = D81AD61D1F7DD94100EE8F2A /* PBXContainerItemProxy */;
		};
		D81AD6291F7DD94100EE8F2A /* PBXTargetDependency */ = {
			isa = PBXTargetDependency;
			target = D81AD6021F7DD94100EE8F2A /* DJLogistics */;
			targetProxy = D81AD6281F7DD94100EE8F2A /* PBXContainerItemProxy */;
		};
/* End PBXTargetDependency section */

/* Begin PBXVariantGroup section */
		D81AD6141F7DD94100EE8F2A /* LaunchScreen.storyboard */ = {
			isa = PBXVariantGroup;
			children = (
				D81AD6151F7DD94100EE8F2A /* Base */,
			);
			name = LaunchScreen.storyboard;
			sourceTree = "<group>";
		};
/* End PBXVariantGroup section */

/* Begin XCBuildConfiguration section */
		D81AD62E1F7DD94100EE8F2A /* Debug */ = {
			isa = XCBuildConfiguration;
			buildSettings = {
				ALWAYS_SEARCH_USER_PATHS = NO;
				CLANG_ANALYZER_NONNULL = YES;
				CLANG_ANALYZER_NUMBER_OBJECT_CONVERSION = YES_AGGRESSIVE;
				CLANG_CXX_LANGUAGE_STANDARD = "gnu++0x";
				CLANG_CXX_LIBRARY = "libc++";
				CLANG_ENABLE_MODULES = YES;
				CLANG_ENABLE_OBJC_ARC = YES;
				CLANG_WARN_BOOL_CONVERSION = YES;
				CLANG_WARN_CONSTANT_CONVERSION = YES;
				CLANG_WARN_DIRECT_OBJC_ISA_USAGE = YES_ERROR;
				CLANG_WARN_DOCUMENTATION_COMMENTS = YES;
				CLANG_WARN_EMPTY_BODY = YES;
				CLANG_WARN_ENUM_CONVERSION = YES;
				CLANG_WARN_INFINITE_RECURSION = YES;
				CLANG_WARN_INT_CONVERSION = YES;
				CLANG_WARN_OBJC_ROOT_CLASS = YES_ERROR;
				CLANG_WARN_SUSPICIOUS_MOVE = YES;
				CLANG_WARN_UNREACHABLE_CODE = YES;
				CLANG_WARN__DUPLICATE_METHOD_MATCH = YES;
				"CODE_SIGN_IDENTITY[sdk=iphoneos*]" = "iPhone Developer";
				COPY_PHASE_STRIP = NO;
				DEBUG_INFORMATION_FORMAT = dwarf;
				ENABLE_STRICT_OBJC_MSGSEND = YES;
				ENABLE_TESTABILITY = YES;
				GCC_C_LANGUAGE_STANDARD = gnu99;
				GCC_DYNAMIC_NO_PIC = NO;
				GCC_NO_COMMON_BLOCKS = YES;
				GCC_OPTIMIZATION_LEVEL = 0;
				GCC_PREPROCESSOR_DEFINITIONS = (
					"DEBUG=1",
					"$(inherited)",
				);
				GCC_WARN_64_TO_32_BIT_CONVERSION = YES;
				GCC_WARN_ABOUT_RETURN_TYPE = YES_ERROR;
				GCC_WARN_UNDECLARED_SELECTOR = YES;
				GCC_WARN_UNINITIALIZED_AUTOS = YES_AGGRESSIVE;
				GCC_WARN_UNUSED_FUNCTION = YES;
				GCC_WARN_UNUSED_VARIABLE = YES;
				IPHONEOS_DEPLOYMENT_TARGET = 8.0;
				MTL_ENABLE_DEBUG_INFO = YES;
				ONLY_ACTIVE_ARCH = YES;
				SDKROOT = iphoneos;
			};
			name = Debug;
		};
		D81AD62F1F7DD94100EE8F2A /* Release */ = {
			isa = XCBuildConfiguration;
			buildSettings = {
				ALWAYS_SEARCH_USER_PATHS = NO;
				CLANG_ANALYZER_NONNULL = YES;
				CLANG_ANALYZER_NUMBER_OBJECT_CONVERSION = YES_AGGRESSIVE;
				CLANG_CXX_LANGUAGE_STANDARD = "gnu++0x";
				CLANG_CXX_LIBRARY = "libc++";
				CLANG_ENABLE_MODULES = YES;
				CLANG_ENABLE_OBJC_ARC = YES;
				CLANG_WARN_BOOL_CONVERSION = YES;
				CLANG_WARN_CONSTANT_CONVERSION = YES;
				CLANG_WARN_DIRECT_OBJC_ISA_USAGE = YES_ERROR;
				CLANG_WARN_DOCUMENTATION_COMMENTS = YES;
				CLANG_WARN_EMPTY_BODY = YES;
				CLANG_WARN_ENUM_CONVERSION = YES;
				CLANG_WARN_INFINITE_RECURSION = YES;
				CLANG_WARN_INT_CONVERSION = YES;
				CLANG_WARN_OBJC_ROOT_CLASS = YES_ERROR;
				CLANG_WARN_SUSPICIOUS_MOVE = YES;
				CLANG_WARN_UNREACHABLE_CODE = YES;
				CLANG_WARN__DUPLICATE_METHOD_MATCH = YES;
				"CODE_SIGN_IDENTITY[sdk=iphoneos*]" = "iPhone Developer";
				COPY_PHASE_STRIP = NO;
				DEBUG_INFORMATION_FORMAT = "dwarf-with-dsym";
				ENABLE_NS_ASSERTIONS = NO;
				ENABLE_STRICT_OBJC_MSGSEND = YES;
				GCC_C_LANGUAGE_STANDARD = gnu99;
				GCC_NO_COMMON_BLOCKS = YES;
				GCC_WARN_64_TO_32_BIT_CONVERSION = YES;
				GCC_WARN_ABOUT_RETURN_TYPE = YES_ERROR;
				GCC_WARN_UNDECLARED_SELECTOR = YES;
				GCC_WARN_UNINITIALIZED_AUTOS = YES_AGGRESSIVE;
				GCC_WARN_UNUSED_FUNCTION = YES;
				GCC_WARN_UNUSED_VARIABLE = YES;
				IPHONEOS_DEPLOYMENT_TARGET = 8.0;
				MTL_ENABLE_DEBUG_INFO = NO;
				SDKROOT = iphoneos;
				VALIDATE_PRODUCT = YES;
			};
			name = Release;
		};
		D81AD6311F7DD94100EE8F2A /* Debug */ = {
			isa = XCBuildConfiguration;
			baseConfigurationReference = 1264B2E724BEA92BF26B4E0E /* Pods-DJLogistics.debug.xcconfig */;
			buildSettings = {
				ASSETCATALOG_COMPILER_APPICON_NAME = AppIcon;
				CODE_SIGN_ENTITLEMENTS = DJLogistics/DJLogistics.entitlements;
				"CODE_SIGN_IDENTITY[sdk=iphoneos*]" = "iPhone Developer";
				CODE_SIGN_STYLE = Automatic;
				DEVELOPMENT_TEAM = WLUJNW49DA;
				GCC_PRECOMPILE_PREFIX_HEADER = YES;
				GCC_PREFIX_HEADER = DJLogistics/PrefixHeader.pch;
				INFOPLIST_FILE = DJLogistics/Info.plist;
				LD_RUNPATH_SEARCH_PATHS = "$(inherited) @executable_path/Frameworks";
				LIBRARY_SEARCH_PATHS = (
					"$(inherited)",
					"$(PROJECT_DIR)/Pods/QQ_XGPush/XGPush",
				);
				PRODUCT_BUNDLE_IDENTIFIER = com.zicmg.djwl;
				PRODUCT_NAME = "$(TARGET_NAME)";
				PROVISIONING_PROFILE = "";
				PROVISIONING_PROFILE_SPECIFIER = "";
			};
			name = Debug;
		};
		D81AD6321F7DD94100EE8F2A /* Release */ = {
			isa = XCBuildConfiguration;
			baseConfigurationReference = 02BB86A1223B6C6E249562AC /* Pods-DJLogistics.release.xcconfig */;
			buildSettings = {
				ASSETCATALOG_COMPILER_APPICON_NAME = AppIcon;
				CODE_SIGN_ENTITLEMENTS = DJLogistics/DJLogistics.entitlements;
				"CODE_SIGN_IDENTITY[sdk=iphoneos*]" = "iPhone Developer";
				CODE_SIGN_STYLE = Automatic;
				DEVELOPMENT_TEAM = WLUJNW49DA;
				GCC_PRECOMPILE_PREFIX_HEADER = YES;
				GCC_PREFIX_HEADER = DJLogistics/PrefixHeader.pch;
				INFOPLIST_FILE = DJLogistics/Info.plist;
				LD_RUNPATH_SEARCH_PATHS = "$(inherited) @executable_path/Frameworks";
				LIBRARY_SEARCH_PATHS = (
					"$(inherited)",
					"$(PROJECT_DIR)/Pods/QQ_XGPush/XGPush",
				);
				PRODUCT_BUNDLE_IDENTIFIER = com.zicmg.djwl;
				PRODUCT_NAME = "$(TARGET_NAME)";
				PROVISIONING_PROFILE = "";
				PROVISIONING_PROFILE_SPECIFIER = "";
			};
			name = Release;
		};
		D81AD6341F7DD94100EE8F2A /* Debug */ = {
			isa = XCBuildConfiguration;
			buildSettings = {
				BUNDLE_LOADER = "$(TEST_HOST)";
				INFOPLIST_FILE = DJLogisticsTests/Info.plist;
				LD_RUNPATH_SEARCH_PATHS = "$(inherited) @executable_path/Frameworks @loader_path/Frameworks";
				PRODUCT_BUNDLE_IDENTIFIER = com.onlinecredit.DJLogisticsTests;
				PRODUCT_NAME = "$(TARGET_NAME)";
				TEST_HOST = "$(BUILT_PRODUCTS_DIR)/DJLogistics.app/DJLogistics";
			};
			name = Debug;
		};
		D81AD6351F7DD94100EE8F2A /* Release */ = {
			isa = XCBuildConfiguration;
			buildSettings = {
				BUNDLE_LOADER = "$(TEST_HOST)";
				INFOPLIST_FILE = DJLogisticsTests/Info.plist;
				LD_RUNPATH_SEARCH_PATHS = "$(inherited) @executable_path/Frameworks @loader_path/Frameworks";
				PRODUCT_BUNDLE_IDENTIFIER = com.onlinecredit.DJLogisticsTests;
				PRODUCT_NAME = "$(TARGET_NAME)";
				TEST_HOST = "$(BUILT_PRODUCTS_DIR)/DJLogistics.app/DJLogistics";
			};
			name = Release;
		};
		D81AD6371F7DD94100EE8F2A /* Debug */ = {
			isa = XCBuildConfiguration;
			buildSettings = {
				INFOPLIST_FILE = DJLogisticsUITests/Info.plist;
				LD_RUNPATH_SEARCH_PATHS = "$(inherited) @executable_path/Frameworks @loader_path/Frameworks";
				PRODUCT_BUNDLE_IDENTIFIER = com.onlinecredit.DJLogisticsUITests;
				PRODUCT_NAME = "$(TARGET_NAME)";
				TEST_TARGET_NAME = DJLogistics;
			};
			name = Debug;
		};
		D81AD6381F7DD94100EE8F2A /* Release */ = {
			isa = XCBuildConfiguration;
			buildSettings = {
				INFOPLIST_FILE = DJLogisticsUITests/Info.plist;
				LD_RUNPATH_SEARCH_PATHS = "$(inherited) @executable_path/Frameworks @loader_path/Frameworks";
				PRODUCT_BUNDLE_IDENTIFIER = com.onlinecredit.DJLogisticsUITests;
				PRODUCT_NAME = "$(TARGET_NAME)";
				TEST_TARGET_NAME = DJLogistics;
			};
			name = Release;
		};
/* End XCBuildConfiguration section */

/* Begin XCConfigurationList section */
		D81AD5FE1F7DD94100EE8F2A /* Build configuration list for PBXProject "DJLogistics" */ = {
			isa = XCConfigurationList;
			buildConfigurations = (
				D81AD62E1F7DD94100EE8F2A /* Debug */,
				D81AD62F1F7DD94100EE8F2A /* Release */,
			);
			defaultConfigurationIsVisible = 0;
			defaultConfigurationName = Release;
		};
		D81AD6301F7DD94100EE8F2A /* Build configuration list for PBXNativeTarget "DJLogistics" */ = {
			isa = XCConfigurationList;
			buildConfigurations = (
				D81AD6311F7DD94100EE8F2A /* Debug */,
				D81AD6321F7DD94100EE8F2A /* Release */,
			);
			defaultConfigurationIsVisible = 0;
			defaultConfigurationName = Release;
		};
		D81AD6331F7DD94100EE8F2A /* Build configuration list for PBXNativeTarget "DJLogisticsTests" */ = {
			isa = XCConfigurationList;
			buildConfigurations = (
				D81AD6341F7DD94100EE8F2A /* Debug */,
				D81AD6351F7DD94100EE8F2A /* Release */,
			);
			defaultConfigurationIsVisible = 0;
			defaultConfigurationName = Release;
		};
		D81AD6361F7DD94100EE8F2A /* Build configuration list for PBXNativeTarget "DJLogisticsUITests" */ = {
			isa = XCConfigurationList;
			buildConfigurations = (
				D81AD6371F7DD94100EE8F2A /* Debug */,
				D81AD6381F7DD94100EE8F2A /* Release */,
			);
			defaultConfigurationIsVisible = 0;
			defaultConfigurationName = Release;
		};
/* End XCConfigurationList section */
	};
	rootObject = D81AD5FB1F7DD94100EE8F2A /* Project object */;
}
